Microsoft Visual Studio Solution File, Format Version 11.00
# Visual C++ Express 2010
Project("{8BC9CEB8-8B4A-11D0-8D11-00A0C91BC942}") = "alpha", "alpha.vcxproj", "{992EE1C8-A1F5-9FF6-5ABB-CF0A8422FDE5}"
	ProjectSection(ProjectDependencies) = postProject
		{D76D2325-CDDA-3A00-A705-7EFFD069C6D8} = {D76D2325-CDDA-3A00-A705-7EFFD069C6D8}
	EndProjectSection
EndProject
Project("{8BC9CEB8-8B4A-11D0-8D11-00A0C91BC942}") = "bitblt", "bitblt.vcxproj", "{62DCAFDF-6BA0-298B-A616-500FB0FABCA7}"
	ProjectSection(ProjectDependencies) = postProject
		{D76D2325-CDDA-3A00-A705-7EFFD069C6D8} = {D76D2325-CDDA-3A00-A705-7EFFD069C6D8}
	EndProjectSection
EndProject
Project("{8BC9CEB8-8B4A-11D0-8D11-00A0C91BC942}") = "blur", "blur.vcxproj", "{A02C2FFF-80EC-CB2B-EA61-59D01B1D7F67}"
	ProjectSection(ProjectDependencies) = postProject
		{D76D2325-CDDA-3A00-A705-7EFFD069C6D8} = {D76D2325-CDDA-3A00-A705-7EFFD069C6D8}
	EndProjectSection
EndProject
Project("{8BC9CEB8-8B4A-11D0-8D11-00A0C91BC942}") = "clip", "clip.vcxproj", "{DD4EB1D5-4C64-FD5A-4982-C9212EA70C2D}"
	ProjectSection(ProjectDependencies) = postProject
		{D76D2325-CDDA-3A00-A705-7EFFD069C6D8} = {D76D2325-CDDA-3A00-A705-7EFFD069C6D8}
	EndProjectSection
EndProject
Project("{8BC9CEB8-8B4A-11D0-8D11-00A0C91BC942}") = "clock", "clock.vcxproj", "{D7C1E5C3-641B-46D8-52F3-759BD485EAF9}"
	ProjectSection(ProjectDependencies) = postProject
		{D76D2325-CDDA-3A00-A705-7EFFD069C6D8} = {D76D2325-CDDA-3A00-A705-7EFFD069C6D8}
	EndProjectSection
EndProject
Project("{8BC9CEB8-8B4A-11D0-8D11-00A0C91BC942}") = "composite", "composite.vcxproj", "{2C0B68CE-D748-68F8-4BDE-4EE7F1002006}"
	ProjectSection(ProjectDependencies) = postProject
		{D76D2325-CDDA-3A00-A705-7EFFD069C6D8} = {D76D2325-CDDA-3A00-A705-7EFFD069C6D8}
	EndProjectSection
EndProject
Project("{8BC9CEB8-8B4A-11D0-8D11-00A0C91BC942}") = "flowers", "flowers.vcxproj", "{86975FF2-F093-71B8-06DD-33EA013A9619}"
	ProjectSection(ProjectDependencies) = postProject
		{D76D2325-CDDA-3A00-A705-7EFFD069C6D8} = {D76D2325-CDDA-3A00-A705-7EFFD069C6D8}
	EndProjectSection
EndProject
Project("{8BC9CEB8-8B4A-11D0-8D11-00A0C91BC942}") = "gamma", "gamma.vcxproj", "{029BE5F1-AD5E-68F4-43E2-4103EE300CB1}"
	ProjectSection(ProjectDependencies) = postProject
		{D76D2325-CDDA-3A00-A705-7EFFD069C6D8} = {D76D2325-CDDA-3A00-A705-7EFFD069C6D8}
	EndProjectSection
EndProject
Project("{8BC9CEB8-8B4A-11D0-8D11-00A0C91BC942}") = "gcstate", "gcstate.vcxproj", "{F2B4EC4A-E7B2-D122-6725-1FE4931BC05C}"
	ProjectSection(ProjectDependencies) = postProject
		{D76D2325-CDDA-3A00-A705-7EFFD069C6D8} = {D76D2325-CDDA-3A00-A705-7EFFD069C6D8}
	EndProjectSection
EndProject
Project("{8BC9CEB8-8B4A-11D0-8D11-00A0C91BC942}") = "gif", "gif.vcxproj", "{F9747780-15D9-A57B-FB0F-FCEE1F57EE50}"
EndProject
Project("{8BC9CEB8-8B4A-11D0-8D11-00A0C91BC942}") = "gradient", "gradient.vcxproj", "{9B730C39-4CC1-03D0-9D2D-C3AF20F5BF10}"
	ProjectSection(ProjectDependencies) = postProject
		{D76D2325-CDDA-3A00-A705-7EFFD069C6D8} = {D76D2325-CDDA-3A00-A705-7EFFD069C6D8}
	EndProjectSection
EndProject
Project("{8BC9CEB8-8B4A-11D0-8D11-00A0C91BC942}") = "image_info", "image_info.vcxproj", "{D330AD48-EFB7-3A4D-5C12-2BD7B7DC4324}"
	ProjectSection(ProjectDependencies) = postProject
		{D76D2325-CDDA-3A00-A705-7EFFD069C6D8} = {D76D2325-CDDA-3A00-A705-7EFFD069C6D8}
		{257CB551-3970-100C-82F7-62F50B31A72C} = {257CB551-3970-100C-82F7-62F50B31A72C}
	EndProjectSection
EndProject
Project("{8BC9CEB8-8B4A-11D0-8D11-00A0C91BC942}") = "image_view", "image_view.vcxproj", "{892A2619-ADAC-C16F-FBD6-E5D67CE18B0F}"
	ProjectSection(ProjectDependencies) = postProject
		{D76D2325-CDDA-3A00-A705-7EFFD069C6D8} = {D76D2325-CDDA-3A00-A705-7EFFD069C6D8}
		{257CB551-3970-100C-82F7-62F50B31A72C} = {257CB551-3970-100C-82F7-62F50B31A72C}
	EndProjectSection
EndProject
Project("{8BC9CEB8-8B4A-11D0-8D11-00A0C91BC942}") = "jpeg", "jpeg.vcxproj", "{80425EFA-E895-E525-7FDC-3A98D864C488}"
EndProject
Project("{8BC9CEB8-8B4A-11D0-8D11-00A0C91BC942}") = "mask", "mask.vcxproj", "{A81EE23F-B1DE-706A-5767-9D03C04410D3}"
	ProjectSection(ProjectDependencies) = postProject
		{D76D2325-CDDA-3A00-A705-7EFFD069C6D8} = {D76D2325-CDDA-3A00-A705-7EFFD069C6D8}
	EndProjectSection
EndProject
Project("{8BC9CEB8-8B4A-11D0-8D11-00A0C91BC942}") = "part", "part.vcxproj", "{7F2F2174-D150-995E-4C5B-33B2FD32D9E3}"
	ProjectSection(ProjectDependencies) = postProject
		{D76D2325-CDDA-3A00-A705-7EFFD069C6D8} = {D76D2325-CDDA-3A00-A705-7EFFD069C6D8}
	EndProjectSection
EndProject
Project("{8BC9CEB8-8B4A-11D0-8D11-00A0C91BC942}") = "path", "path.vcxproj", "{F2684FF3-762C-E1C1-DA77-E1F447E87F57}"
	ProjectSection(ProjectDependencies) = postProject
		{D76D2325-CDDA-3A00-A705-7EFFD069C6D8} = {D76D2325-CDDA-3A00-A705-7EFFD069C6D8}
	EndProjectSection
EndProject
Project("{8BC9CEB8-8B4A-11D0-8D11-00A0C91BC942}") = "pattern", "pattern.vcxproj", "{AACA42B7-2163-FF45-0FDA-B627DEC458D5}"
	ProjectSection(ProjectDependencies) = postProject
		{D76D2325-CDDA-3A00-A705-7EFFD069C6D8} = {D76D2325-CDDA-3A00-A705-7EFFD069C6D8}
	EndProjectSection
EndProject
Project("{8BC9CEB8-8B4A-11D0-8D11-00A0C91BC942}") = "picasso2_sw", "picasso2_sw.vcxproj", "{D76D2325-CDDA-3A00-A705-7EFFD069C6D8}"
EndProject
Project("{8BC9CEB8-8B4A-11D0-8D11-00A0C91BC942}") = "png", "png.vcxproj", "{0A94BB18-CD86-C113-FAE9-52B244D9D777}"
	ProjectSection(ProjectDependencies) = postProject
		{1871EEC3-AD14-955D-13A1-0528D820F387} = {1871EEC3-AD14-955D-13A1-0528D820F387}
	EndProjectSection
EndProject
Project("{8BC9CEB8-8B4A-11D0-8D11-00A0C91BC942}") = "psx_image", "psx_image.vcxproj", "{257CB551-3970-100C-82F7-62F50B31A72C}"
	ProjectSection(ProjectDependencies) = postProject
		{D76D2325-CDDA-3A00-A705-7EFFD069C6D8} = {D76D2325-CDDA-3A00-A705-7EFFD069C6D8}
	EndProjectSection
EndProject
Project("{8BC9CEB8-8B4A-11D0-8D11-00A0C91BC942}") = "psxm_image_gif", "psxm_image_gif.vcxproj", "{4980A5EF-DEB0-A8AB-D7DC-B84DDE5979C3}"
	ProjectSection(ProjectDependencies) = postProject
		{257CB551-3970-100C-82F7-62F50B31A72C} = {257CB551-3970-100C-82F7-62F50B31A72C}
		{F9747780-15D9-A57B-FB0F-FCEE1F57EE50} = {F9747780-15D9-A57B-FB0F-FCEE1F57EE50}
	EndProjectSection
EndProject
Project("{8BC9CEB8-8B4A-11D0-8D11-00A0C91BC942}") = "psxm_image_jpeg", "psxm_image_jpeg.vcxproj", "{6CB023CC-1037-3931-4F6B-A4ED9134BB0F}"
	ProjectSection(ProjectDependencies) = postProject
		{257CB551-3970-100C-82F7-62F50B31A72C} = {257CB551-3970-100C-82F7-62F50B31A72C}
		{80425EFA-E895-E525-7FDC-3A98D864C488} = {80425EFA-E895-E525-7FDC-3A98D864C488}
	EndProjectSection
EndProject
Project("{8BC9CEB8-8B4A-11D0-8D11-00A0C91BC942}") = "psxm_image_png", "psxm_image_png.vcxproj", "{AC0CBCEB-B4BE-5B68-0E86-493F48A05D32}"
	ProjectSection(ProjectDependencies) = postProject
		{257CB551-3970-100C-82F7-62F50B31A72C} = {257CB551-3970-100C-82F7-62F50B31A72C}
		{0A94BB18-CD86-C113-FAE9-52B244D9D777} = {0A94BB18-CD86-C113-FAE9-52B244D9D777}
	EndProjectSection
EndProject
Project("{8BC9CEB8-8B4A-11D0-8D11-00A0C91BC942}") = "psxm_image_webp", "psxm_image_webp.vcxproj", "{AB87C795-7881-4AE6-8A94-1197EE3691B5}"
	ProjectSection(ProjectDependencies) = postProject
		{257CB551-3970-100C-82F7-62F50B31A72C} = {257CB551-3970-100C-82F7-62F50B31A72C}
		{6400ECB2-D9A2-EF84-05B4-6818E090CD40} = {6400ECB2-D9A2-EF84-05B4-6818E090CD40}
	EndProjectSection
EndProject
Project("{8BC9CEB8-8B4A-11D0-8D11-00A0C91BC942}") = "shadow", "shadow.vcxproj", "{BB4E498F-4E07-36F1-DB05-03FB082CE32E}"
	ProjectSection(ProjectDependencies) = postProject
		{D76D2325-CDDA-3A00-A705-7EFFD069C6D8} = {D76D2325-CDDA-3A00-A705-7EFFD069C6D8}
	EndProjectSection
EndProject
Project("{8BC9CEB8-8B4A-11D0-8D11-00A0C91BC942}") = "subwaymap", "subwaymap.vcxproj", "{B753FDE0-45C3-478A-0BEB-885998EFF9E4}"
	ProjectSection(ProjectDependencies) = postProject
		{D76D2325-CDDA-3A00-A705-7EFFD069C6D8} = {D76D2325-CDDA-3A00-A705-7EFFD069C6D8}
	EndProjectSection
EndProject
Project("{8BC9CEB8-8B4A-11D0-8D11-00A0C91BC942}") = "text", "text.vcxproj", "{5D56F067-C8A9-780D-D575-729CA80FA1FD}"
	ProjectSection(ProjectDependencies) = postProject
		{D76D2325-CDDA-3A00-A705-7EFFD069C6D8} = {D76D2325-CDDA-3A00-A705-7EFFD069C6D8}
	EndProjectSection
EndProject
Project("{8BC9CEB8-8B4A-11D0-8D11-00A0C91BC942}") = "threads", "threads.vcxproj", "{412751F7-662F-809C-33DC-6980C8420D48}"
	ProjectSection(ProjectDependencies) = postProject
		{D76D2325-CDDA-3A00-A705-7EFFD069C6D8} = {D76D2325-CDDA-3A00-A705-7EFFD069C6D8}
	EndProjectSection
EndProject
Project("{8BC9CEB8-8B4A-11D0-8D11-00A0C91BC942}") = "tiger", "tiger.vcxproj", "{65D51344-029B-1842-8F88-BD5B780DA91A}"
	ProjectSection(ProjectDependencies) = postProject
		{D76D2325-CDDA-3A00-A705-7EFFD069C6D8} = {D76D2325-CDDA-3A00-A705-7EFFD069C6D8}
	EndProjectSection
EndProject
Project("{8BC9CEB8-8B4A-11D0-8D11-00A0C91BC942}") = "webp", "webp.vcxproj", "{6400ECB2-D9A2-EF84-05B4-6818E090CD40}"
EndProject
Project("{8BC9CEB8-8B4A-11D0-8D11-00A0C91BC942}") = "zlib", "zlib.vcxproj", "{1871EEC3-AD14-955D-13A1-0528D820F387}"
EndProject
Global
	GlobalSection(SolutionConfigurationPlatforms) = preSolution
		Debug|Win32 = Debug|Win32
		Release|Win32 = Release|Win32
	EndGlobalSection
	GlobalSection(ProjectConfigurationPlatforms) = postSolution
		{029BE5F1-AD5E-68F4-43E2-4103EE300CB1}.Debug|Win32.ActiveCfg = Debug|Win32
		{029BE5F1-AD5E-68F4-43E2-4103EE300CB1}.Debug|Win32.Build.0 = Debug|Win32
		{029BE5F1-AD5E-68F4-43E2-4103EE300CB1}.Release|Win32.ActiveCfg = Release|Win32
		{029BE5F1-AD5E-68F4-43E2-4103EE300CB1}.Release|Win32.Build.0 = Release|Win32
		{0A94BB18-CD86-C113-FAE9-52B244D9D777}.Debug|Win32.ActiveCfg = Debug|Win32
		{0A94BB18-CD86-C113-FAE9-52B244D9D777}.Debug|Win32.Build.0 = Debug|Win32
		{0A94BB18-CD86-C113-FAE9-52B244D9D777}.Release|Win32.ActiveCfg = Release|Win32
		{0A94BB18-CD86-C113-FAE9-52B244D9D777}.Release|Win32.Build.0 = Release|Win32
		{1871EEC3-AD14-955D-13A1-0528D820F387}.Debug|Win32.ActiveCfg = Debug|Win32
		{1871EEC3-AD14-955D-13A1-0528D820F387}.Debug|Win32.Build.0 = Debug|Win32
		{1871EEC3-AD14-955D-13A1-0528D820F387}.Release|Win32.ActiveCfg = Release|Win32
		{1871EEC3-AD14-955D-13A1-0528D820F387}.Release|Win32.Build.0 = Release|Win32
		{257CB551-3970-100C-82F7-62F50B31A72C}.Debug|Win32.ActiveCfg = Debug|Win32
		{257CB551-3970-100C-82F7-62F50B31A72C}.Debug|Win32.Build.0 = Debug|Win32
		{257CB551-3970-100C-82F7-62F50B31A72C}.Release|Win32.ActiveCfg = Release|Win32
		{257CB551-3970-100C-82F7-62F50B31A72C}.Release|Win32.Build.0 = Release|Win32
		{2C0B68CE-D748-68F8-4BDE-4EE7F1002006}.Debug|Win32.ActiveCfg = Debug|Win32
		{2C0B68CE-D748-68F8-4BDE-4EE7F1002006}.Debug|Win32.Build.0 = Debug|Win32
		{2C0B68CE-D748-68F8-4BDE-4EE7F1002006}.Release|Win32.ActiveCfg = Release|Win32
		{2C0B68CE-D748-68F8-4BDE-4EE7F1002006}.Release|Win32.Build.0 = Release|Win32
		{412751F7-662F-809C-33DC-6980C8420D48}.Debug|Win32.ActiveCfg = Debug|Win32
		{412751F7-662F-809C-33DC-6980C8420D48}.Debug|Win32.Build.0 = Debug|Win32
		{412751F7-662F-809C-33DC-6980C8420D48}.Release|Win32.ActiveCfg = Release|Win32
		{412751F7-662F-809C-33DC-6980C8420D48}.Release|Win32.Build.0 = Release|Win32
		{4980A5EF-DEB0-A8AB-D7DC-B84DDE5979C3}.Debug|Win32.ActiveCfg = Debug|Win32
		{4980A5EF-DEB0-A8AB-D7DC-B84DDE5979C3}.Debug|Win32.Build.0 = Debug|Win32
		{4980A5EF-DEB0-A8AB-D7DC-B84DDE5979C3}.Release|Win32.ActiveCfg = Release|Win32
		{4980A5EF-DEB0-A8AB-D7DC-B84DDE5979C3}.Release|Win32.Build.0 = Release|Win32
		{5D56F067-C8A9-780D-D575-729CA80FA1FD}.Debug|Win32.ActiveCfg = Debug|Win32
		{5D56F067-C8A9-780D-D575-729CA80FA1FD}.Debug|Win32.Build.0 = Debug|Win32
		{5D56F067-C8A9-780D-D575-729CA80FA1FD}.Release|Win32.ActiveCfg = Release|Win32
		{5D56F067-C8A9-780D-D575-729CA80FA1FD}.Release|Win32.Build.0 = Release|Win32
		{62DCAFDF-6BA0-298B-A616-500FB0FABCA7}.Debug|Win32.ActiveCfg = Debug|Win32
		{62DCAFDF-6BA0-298B-A616-500FB0FABCA7}.Debug|Win32.Build.0 = Debug|Win32
		{62DCAFDF-6BA0-298B-A616-500FB0FABCA7}.Release|Win32.ActiveCfg = Release|Win32
		{62DCAFDF-6BA0-298B-A616-500FB0FABCA7}.Release|Win32.Build.0 = Release|Win32
		{6400ECB2-D9A2-EF84-05B4-6818E090CD40}.Debug|Win32.ActiveCfg = Debug|Win32
		{6400ECB2-D9A2-EF84-05B4-6818E090CD40}.Debug|Win32.Build.0 = Debug|Win32
		{6400ECB2-D9A2-EF84-05B4-6818E090CD40}.Release|Win32.ActiveCfg = Release|Win32
		{6400ECB2-D9A2-EF84-05B4-6818E090CD40}.Release|Win32.Build.0 = Release|Win32
		{65D51344-029B-1842-8F88-BD5B780DA91A}.Debug|Win32.ActiveCfg = Debug|Win32
		{65D51344-029B-1842-8F88-BD5B780DA91A}.Debug|Win32.Build.0 = Debug|Win32
		{65D51344-029B-1842-8F88-BD5B780DA91A}.Release|Win32.ActiveCfg = Release|Win32
		{65D51344-029B-1842-8F88-BD5B780DA91A}.Release|Win32.Build.0 = Release|Win32
		{6CB023CC-1037-3931-4F6B-A4ED9134BB0F}.Debug|Win32.ActiveCfg = Debug|Win32
		{6CB023CC-1037-3931-4F6B-A4ED9134BB0F}.Debug|Win32.Build.0 = Debug|Win32
		{6CB023CC-1037-3931-4F6B-A4ED9134BB0F}.Release|Win32.ActiveCfg = Release|Win32
		{6CB023CC-1037-3931-4F6B-A4ED9134BB0F}.Release|Win32.Build.0 = Release|Win32
		{7F2F2174-D150-995E-4C5B-33B2FD32D9E3}.Debug|Win32.ActiveCfg = Debug|Win32
		{7F2F2174-D150-995E-4C5B-33B2FD32D9E3}.Debug|Win32.Build.0 = Debug|Win32
		{7F2F2174-D150-995E-4C5B-33B2FD32D9E3}.Release|Win32.ActiveCfg = Release|Win32
		{7F2F2174-D150-995E-4C5B-33B2FD32D9E3}.Release|Win32.Build.0 = Release|Win32
		{80425EFA-E895-E525-7FDC-3A98D864C488}.Debug|Win32.ActiveCfg = Debug|Win32
		{80425EFA-E895-E525-7FDC-3A98D864C488}.Debug|Win32.Build.0 = Debug|Win32
		{80425EFA-E895-E525-7FDC-3A98D864C488}.Release|Win32.ActiveCfg = Release|Win32
		{80425EFA-E895-E525-7FDC-3A98D864C488}.Release|Win32.Build.0 = Release|Win32
		{86975FF2-F093-71B8-06DD-33EA013A9619}.Debug|Win32.ActiveCfg = Debug|Win32
		{86975FF2-F093-71B8-06DD-33EA013A9619}.Debug|Win32.Build.0 = Debug|Win32
		{86975FF2-F093-71B8-06DD-33EA013A9619}.Release|Win32.ActiveCfg = Release|Win32
		{86975FF2-F093-71B8-06DD-33EA013A9619}.Release|Win32.Build.0 = Release|Win32
		{892A2619-ADAC-C16F-FBD6-E5D67CE18B0F}.Debug|Win32.ActiveCfg = Debug|Win32
		{892A2619-ADAC-C16F-FBD6-E5D67CE18B0F}.Debug|Win32.Build.0 = Debug|Win32
		{892A2619-ADAC-C16F-FBD6-E5D67CE18B0F}.Release|Win32.ActiveCfg = Release|Win32
		{892A2619-ADAC-C16F-FBD6-E5D67CE18B0F}.Release|Win32.Build.0 = Release|Win32
		{992EE1C8-A1F5-9FF6-5ABB-CF0A8422FDE5}.Debug|Win32.ActiveCfg = Debug|Win32
		{992EE1C8-A1F5-9FF6-5ABB-CF0A8422FDE5}.Debug|Win32.Build.0 = Debug|Win32
		{992EE1C8-A1F5-9FF6-5ABB-CF0A8422FDE5}.Release|Win32.ActiveCfg = Release|Win32
		{992EE1C8-A1F5-9FF6-5ABB-CF0A8422FDE5}.Release|Win32.Build.0 = Release|Win32
		{9B730C39-4CC1-03D0-9D2D-C3AF20F5BF10}.Debug|Win32.ActiveCfg = Debug|Win32
		{9B730C39-4CC1-03D0-9D2D-C3AF20F5BF10}.Debug|Win32.Build.0 = Debug|Win32
		{9B730C39-4CC1-03D0-9D2D-C3AF20F5BF10}.Release|Win32.ActiveCfg = Release|Win32
		{9B730C39-4CC1-03D0-9D2D-C3AF20F5BF10}.Release|Win32.Build.0 = Release|Win32
		{A02C2FFF-80EC-CB2B-EA61-59D01B1D7F67}.Debug|Win32.ActiveCfg = Debug|Win32
		{A02C2FFF-80EC-CB2B-EA61-59D01B1D7F67}.Debug|Win32.Build.0 = Debug|Win32
		{A02C2FFF-80EC-CB2B-EA61-59D01B1D7F67}.Release|Win32.ActiveCfg = Release|Win32
		{A02C2FFF-80EC-CB2B-EA61-59D01B1D7F67}.Release|Win32.Build.0 = Release|Win32
		{A81EE23F-B1DE-706A-5767-9D03C04410D3}.Debug|Win32.ActiveCfg = Debug|Win32
		{A81EE23F-B1DE-706A-5767-9D03C04410D3}.Debug|Win32.Build.0 = Debug|Win32
		{A81EE23F-B1DE-706A-5767-9D03C04410D3}.Release|Win32.ActiveCfg = Release|Win32
		{A81EE23F-B1DE-706A-5767-9D03C04410D3}.Release|Win32.Build.0 = Release|Win32
		{AACA42B7-2163-FF45-0FDA-B627DEC458D5}.Debug|Win32.ActiveCfg = Debug|Win32
		{AACA42B7-2163-FF45-0FDA-B627DEC458D5}.Debug|Win32.Build.0 = Debug|Win32
		{AACA42B7-2163-FF45-0FDA-B627DEC458D5}.Release|Win32.ActiveCfg = Release|Win32
		{AACA42B7-2163-FF45-0FDA-B627DEC458D5}.Release|Win32.Build.0 = Release|Win32
		{AB87C795-7881-4AE6-8A94-1197EE3691B5}.Debug|Win32.ActiveCfg = Debug|Win32
		{AB87C795-7881-4AE6-8A94-1197EE3691B5}.Debug|Win32.Build.0 = Debug|Win32
		{AB87C795-7881-4AE6-8A94-1197EE3691B5}.Release|Win32.ActiveCfg = Release|Win32
		{AB87C795-7881-4AE6-8A94-1197EE3691B5}.Release|Win32.Build.0 = Release|Win32
		{AC0CBCEB-B4BE-5B68-0E86-493F48A05D32}.Debug|Win32.ActiveCfg = Debug|Win32
		{AC0CBCEB-B4BE-5B68-0E86-493F48A05D32}.Debug|Win32.Build.0 = Debug|Win32
		{AC0CBCEB-B4BE-5B68-0E86-493F48A05D32}.Release|Win32.ActiveCfg = Release|Win32
		{AC0CBCEB-B4BE-5B68-0E86-493F48A05D32}.Release|Win32.Build.0 = Release|Win32
		{B753FDE0-45C3-478A-0BEB-885998EFF9E4}.Debug|Win32.ActiveCfg = Debug|Win32
		{B753FDE0-45C3-478A-0BEB-885998EFF9E4}.Debug|Win32.Build.0 = Debug|Win32
		{B753FDE0-45C3-478A-0BEB-885998EFF9E4}.Release|Win32.ActiveCfg = Release|Win32
		{B753FDE0-45C3-478A-0BEB-885998EFF9E4}.Release|Win32.Build.0 = Release|Win32
		{BB4E498F-4E07-36F1-DB05-03FB082CE32E}.Debug|Win32.ActiveCfg = Debug|Win32
		{BB4E498F-4E07-36F1-DB05-03FB082CE32E}.Debug|Win32.Build.0 = Debug|Win32
		{BB4E498F-4E07-36F1-DB05-03FB082CE32E}.Release|Win32.ActiveCfg = Release|Win32
		{BB4E498F-4E07-36F1-DB05-03FB082CE32E}.Release|Win32.Build.0 = Release|Win32
		{D330AD48-EFB7-3A4D-5C12-2BD7B7DC4324}.Debug|Win32.ActiveCfg = Debug|Win32
		{D330AD48-EFB7-3A4D-5C12-2BD7B7DC4324}.Debug|Win32.Build.0 = Debug|Win32
		{D330AD48-EFB7-3A4D-5C12-2BD7B7DC4324}.Release|Win32.ActiveCfg = Release|Win32
		{D330AD48-EFB7-3A4D-5C12-2BD7B7DC4324}.Release|Win32.Build.0 = Release|Win32
		{D76D2325-CDDA-3A00-A705-7EFFD069C6D8}.Debug|Win32.ActiveCfg = Debug|Win32
		{D76D2325-CDDA-3A00-A705-7EFFD069C6D8}.Debug|Win32.Build.0 = Debug|Win32
		{D76D2325-CDDA-3A00-A705-7EFFD069C6D8}.Release|Win32.ActiveCfg = Release|Win32
		{D76D2325-CDDA-3A00-A705-7EFFD069C6D8}.Release|Win32.Build.0 = Release|Win32
		{D7C1E5C3-641B-46D8-52F3-759BD485EAF9}.Debug|Win32.ActiveCfg = Debug|Win32
		{D7C1E5C3-641B-46D8-52F3-759BD485EAF9}.Debug|Win32.Build.0 = Debug|Win32
		{D7C1E5C3-641B-46D8-52F3-759BD485EAF9}.Release|Win32.ActiveCfg = Release|Win32
		{D7C1E5C3-641B-46D8-52F3-759BD485EAF9}.Release|Win32.Build.0 = Release|Win32
		{DD4EB1D5-4C64-FD5A-4982-C9212EA70C2D}.Debug|Win32.ActiveCfg = Debug|Win32
		{DD4EB1D5-4C64-FD5A-4982-C9212EA70C2D}.Debug|Win32.Build.0 = Debug|Win32
		{DD4EB1D5-4C64-FD5A-4982-C9212EA70C2D}.Release|Win32.ActiveCfg = Release|Win32
		{DD4EB1D5-4C64-FD5A-4982-C9212EA70C2D}.Release|Win32.Build.0 = Release|Win32
		{F2684FF3-762C-E1C1-DA77-E1F447E87F57}.Debug|Win32.ActiveCfg = Debug|Win32
		{F2684FF3-762C-E1C1-DA77-E1F447E87F57}.Debug|Win32.Build.0 = Debug|Win32
		{F2684FF3-762C-E1C1-DA77-E1F447E87F57}.Release|Win32.ActiveCfg = Release|Win32
		{F2684FF3-762C-E1C1-DA77-E1F447E87F57}.Release|Win32.Build.0 = Release|Win32
		{F2B4EC4A-E7B2-D122-6725-1FE4931BC05C}.Debug|Win32.ActiveCfg = Debug|Win32
		{F2B4EC4A-E7B2-D122-6725-1FE4931BC05C}.Debug|Win32.Build.0 = Debug|Win32
		{F2B4EC4A-E7B2-D122-6725-1FE4931BC05C}.Release|Win32.ActiveCfg = Release|Win32
		{F2B4EC4A-E7B2-D122-6725-1FE4931BC05C}.Release|Win32.Build.0 = Release|Win32
		{F9747780-15D9-A57B-FB0F-FCEE1F57EE50}.Debug|Win32.ActiveCfg = Debug|Win32
		{F9747780-15D9-A57B-FB0F-FCEE1F57EE50}.Debug|Win32.Build.0 = Debug|Win32
		{F9747780-15D9-A57B-FB0F-FCEE1F57EE50}.Release|Win32.ActiveCfg = Release|Win32
		{F9747780-15D9-A57B-FB0F-FCEE1F57EE50}.Release|Win32.Build.0 = Release|Win32
	EndGlobalSection
	GlobalSection(SolutionProperties) = preSolution
		HideSolutionNode = FALSE
	EndGlobalSection
EndGlobal
