
Microsoft Visual Studio Solution File, Format Version 12.00
# Visual Studio Version 16
Project("{8BC9CEB8-8B4A-11D0-8D11-00A0C91BC942}") = "ALL_BUILD", "ALL_BUILD.vcxproj", "{63B3BD9E-19AD-328D-B90C-8245754E25C1}"
	ProjectSection(ProjectDependencies) = postProject
		{BA5C7250-6FEF-3766-A6CE-FAE34451F722} = {BA5C7250-6FEF-3766-A6CE-FAE34451F722}
		{D486ABFA-FAC7-3CA2-9BE9-B8CE3129624F} = {D486ABFA-FAC7-3CA2-9BE9-B8CE3129624F}
		{445E7D68-3BE1-3E95-A0D8-DE1D82082579} = {445E7D68-3BE1-3E95-A0D8-DE1D82082579}
		{5DC360E1-D0A7-3080-805E-BFA740575F62} = {5DC360E1-D0A7-3080-805E-BFA740575F62}
		{156EC57E-A797-3EC6-AF30-4CDD143215A4} = {156EC57E-A797-3EC6-AF30-4CDD143215A4}
		{6388A22C-3C86-345F-B11D-44479257E3FF} = {6388A22C-3C86-345F-B11D-44479257E3FF}
		{16E3BA05-9CE7-3841-B636-CFF982691C8E} = {16E3BA05-9CE7-3841-B636-CFF982691C8E}
		{BFBB9555-3EAB-3B5F-BAB3-2B4BFE7C20E2} = {BFBB9555-3EAB-3B5F-BAB3-2B4BFE7C20E2}
		{288FC939-C0B8-3DE1-933A-344729694594} = {288FC939-C0B8-3DE1-933A-344729694594}
		{314DA630-E4E3-325B-994B-1400F307E40A} = {314DA630-E4E3-325B-994B-1400F307E40A}
		{CC9A2FA0-B632-347A-831F-0B25BC1449F6} = {CC9A2FA0-B632-347A-831F-0B25BC1449F6}
		{6DB0A2C1-A840-3276-B916-A79F9EC25B78} = {6DB0A2C1-A840-3276-B916-A79F9EC25B78}
		{52D9088A-78AB-3A9F-9D9A-C01C524E122B} = {52D9088A-78AB-3A9F-9D9A-C01C524E122B}
		{D68DF7AB-2F33-3D46-B066-8C9FA567C4B3} = {D68DF7AB-2F33-3D46-B066-8C9FA567C4B3}
		{4D75169C-5453-3775-A2EE-597F03E99AD0} = {4D75169C-5453-3775-A2EE-597F03E99AD0}
		{ED2ADE5A-E694-3602-B8CD-507DCD0C1188} = {ED2ADE5A-E694-3602-B8CD-507DCD0C1188}
		{16DA39C8-7C08-3AD5-905B-5138A9977148} = {16DA39C8-7C08-3AD5-905B-5138A9977148}
		{2FF792F6-576D-3AB8-9B6E-48B18136EF0E} = {2FF792F6-576D-3AB8-9B6E-48B18136EF0E}
		{11E10BEB-0367-3F53-8BB1-6BD482DE82D9} = {11E10BEB-0367-3F53-8BB1-6BD482DE82D9}
		{73324072-3B01-34D7-A172-8469BE66AB00} = {73324072-3B01-34D7-A172-8469BE66AB00}
		{8C7C6D3F-AEC1-33AA-9C4C-2A80D43341E6} = {8C7C6D3F-AEC1-33AA-9C4C-2A80D43341E6}
		{78DCB7A5-0682-39D4-803F-480C9F01DFE0} = {78DCB7A5-0682-39D4-803F-480C9F01DFE0}
		{11C38CA6-5B72-36BE-83E0-6DAEEF384FF2} = {11C38CA6-5B72-36BE-83E0-6DAEEF384FF2}
		{1D4709C4-9163-3DAE-94D3-5CCB5886DCE3} = {1D4709C4-9163-3DAE-94D3-5CCB5886DCE3}
		{208667E8-7990-3564-86BB-01E7EBB8A094} = {208667E8-7990-3564-86BB-01E7EBB8A094}
		{3293ABFD-3182-3B63-B8B5-C0BDE4850DDB} = {3293ABFD-3182-3B63-B8B5-C0BDE4850DDB}
		{BC6F69DD-4A53-3575-9111-DA05C15772D7} = {BC6F69DD-4A53-3575-9111-DA05C15772D7}
		{C514C224-CD86-30AF-B0FF-2A2AEAB1FF6D} = {C514C224-CD86-30AF-B0FF-2A2AEAB1FF6D}
		{B2E5A05A-CF9B-3375-8233-468D4175DC0A} = {B2E5A05A-CF9B-3375-8233-468D4175DC0A}
		{1B0B41C8-481B-303B-98DD-7C3B7F9C5026} = {1B0B41C8-481B-303B-98DD-7C3B7F9C5026}
		{E0059279-6364-3560-A406-871BB354AFB6} = {E0059279-6364-3560-A406-871BB354AFB6}
		{5EA327C8-53CD-390A-904A-95AFFC9B5604} = {5EA327C8-53CD-390A-904A-95AFFC9B5604}
		{AA6F83AB-1770-3AAB-9FB8-ED28721BAB74} = {AA6F83AB-1770-3AAB-9FB8-ED28721BAB74}
	EndProjectSection
EndProject
Project("{8BC9CEB8-8B4A-11D0-8D11-00A0C91BC942}") = "ZERO_CHECK", "ZERO_CHECK.vcxproj", "{BA5C7250-6FEF-3766-A6CE-FAE34451F722}"
	ProjectSection(ProjectDependencies) = postProject
	EndProjectSection
EndProject
Project("{8BC9CEB8-8B4A-11D0-8D11-00A0C91BC942}") = "alpha", "alpha.vcxproj", "{D486ABFA-FAC7-3CA2-9BE9-B8CE3129624F}"
	ProjectSection(ProjectDependencies) = postProject
		{BA5C7250-6FEF-3766-A6CE-FAE34451F722} = {BA5C7250-6FEF-3766-A6CE-FAE34451F722}
		{73324072-3B01-34D7-A172-8469BE66AB00} = {73324072-3B01-34D7-A172-8469BE66AB00}
	EndProjectSection
EndProject
Project("{8BC9CEB8-8B4A-11D0-8D11-00A0C91BC942}") = "bitblt", "bitblt.vcxproj", "{445E7D68-3BE1-3E95-A0D8-DE1D82082579}"
	ProjectSection(ProjectDependencies) = postProject
		{BA5C7250-6FEF-3766-A6CE-FAE34451F722} = {BA5C7250-6FEF-3766-A6CE-FAE34451F722}
		{73324072-3B01-34D7-A172-8469BE66AB00} = {73324072-3B01-34D7-A172-8469BE66AB00}
	EndProjectSection
EndProject
Project("{8BC9CEB8-8B4A-11D0-8D11-00A0C91BC942}") = "blur", "blur.vcxproj", "{5DC360E1-D0A7-3080-805E-BFA740575F62}"
	ProjectSection(ProjectDependencies) = postProject
		{BA5C7250-6FEF-3766-A6CE-FAE34451F722} = {BA5C7250-6FEF-3766-A6CE-FAE34451F722}
		{73324072-3B01-34D7-A172-8469BE66AB00} = {73324072-3B01-34D7-A172-8469BE66AB00}
	EndProjectSection
EndProject
Project("{8BC9CEB8-8B4A-11D0-8D11-00A0C91BC942}") = "clip", "clip.vcxproj", "{156EC57E-A797-3EC6-AF30-4CDD143215A4}"
	ProjectSection(ProjectDependencies) = postProject
		{BA5C7250-6FEF-3766-A6CE-FAE34451F722} = {BA5C7250-6FEF-3766-A6CE-FAE34451F722}
		{73324072-3B01-34D7-A172-8469BE66AB00} = {73324072-3B01-34D7-A172-8469BE66AB00}
	EndProjectSection
EndProject
Project("{8BC9CEB8-8B4A-11D0-8D11-00A0C91BC942}") = "clock", "clock.vcxproj", "{6388A22C-3C86-345F-B11D-44479257E3FF}"
	ProjectSection(ProjectDependencies) = postProject
		{BA5C7250-6FEF-3766-A6CE-FAE34451F722} = {BA5C7250-6FEF-3766-A6CE-FAE34451F722}
		{73324072-3B01-34D7-A172-8469BE66AB00} = {73324072-3B01-34D7-A172-8469BE66AB00}
	EndProjectSection
EndProject
Project("{8BC9CEB8-8B4A-11D0-8D11-00A0C91BC942}") = "composite", "composite.vcxproj", "{16E3BA05-9CE7-3841-B636-CFF982691C8E}"
	ProjectSection(ProjectDependencies) = postProject
		{BA5C7250-6FEF-3766-A6CE-FAE34451F722} = {BA5C7250-6FEF-3766-A6CE-FAE34451F722}
		{73324072-3B01-34D7-A172-8469BE66AB00} = {73324072-3B01-34D7-A172-8469BE66AB00}
	EndProjectSection
EndProject
Project("{8BC9CEB8-8B4A-11D0-8D11-00A0C91BC942}") = "flowers", "flowers.vcxproj", "{BFBB9555-3EAB-3B5F-BAB3-2B4BFE7C20E2}"
	ProjectSection(ProjectDependencies) = postProject
		{BA5C7250-6FEF-3766-A6CE-FAE34451F722} = {BA5C7250-6FEF-3766-A6CE-FAE34451F722}
		{73324072-3B01-34D7-A172-8469BE66AB00} = {73324072-3B01-34D7-A172-8469BE66AB00}
	EndProjectSection
EndProject
Project("{8BC9CEB8-8B4A-11D0-8D11-00A0C91BC942}") = "gamma", "gamma.vcxproj", "{288FC939-C0B8-3DE1-933A-344729694594}"
	ProjectSection(ProjectDependencies) = postProject
		{BA5C7250-6FEF-3766-A6CE-FAE34451F722} = {BA5C7250-6FEF-3766-A6CE-FAE34451F722}
		{73324072-3B01-34D7-A172-8469BE66AB00} = {73324072-3B01-34D7-A172-8469BE66AB00}
	EndProjectSection
EndProject
Project("{8BC9CEB8-8B4A-11D0-8D11-00A0C91BC942}") = "gcstate", "gcstate.vcxproj", "{314DA630-E4E3-325B-994B-1400F307E40A}"
	ProjectSection(ProjectDependencies) = postProject
		{BA5C7250-6FEF-3766-A6CE-FAE34451F722} = {BA5C7250-6FEF-3766-A6CE-FAE34451F722}
		{73324072-3B01-34D7-A172-8469BE66AB00} = {73324072-3B01-34D7-A172-8469BE66AB00}
	EndProjectSection
EndProject
Project("{8BC9CEB8-8B4A-11D0-8D11-00A0C91BC942}") = "gif", "gif.vcxproj", "{CC9A2FA0-B632-347A-831F-0B25BC1449F6}"
	ProjectSection(ProjectDependencies) = postProject
		{BA5C7250-6FEF-3766-A6CE-FAE34451F722} = {BA5C7250-6FEF-3766-A6CE-FAE34451F722}
	EndProjectSection
EndProject
Project("{8BC9CEB8-8B4A-11D0-8D11-00A0C91BC942}") = "gradient", "gradient.vcxproj", "{6DB0A2C1-A840-3276-B916-A79F9EC25B78}"
	ProjectSection(ProjectDependencies) = postProject
		{BA5C7250-6FEF-3766-A6CE-FAE34451F722} = {BA5C7250-6FEF-3766-A6CE-FAE34451F722}
		{73324072-3B01-34D7-A172-8469BE66AB00} = {73324072-3B01-34D7-A172-8469BE66AB00}
	EndProjectSection
EndProject
Project("{8BC9CEB8-8B4A-11D0-8D11-00A0C91BC942}") = "image_info", "image_info.vcxproj", "{52D9088A-78AB-3A9F-9D9A-C01C524E122B}"
	ProjectSection(ProjectDependencies) = postProject
		{BA5C7250-6FEF-3766-A6CE-FAE34451F722} = {BA5C7250-6FEF-3766-A6CE-FAE34451F722}
		{73324072-3B01-34D7-A172-8469BE66AB00} = {73324072-3B01-34D7-A172-8469BE66AB00}
		{78DCB7A5-0682-39D4-803F-480C9F01DFE0} = {78DCB7A5-0682-39D4-803F-480C9F01DFE0}
	EndProjectSection
EndProject
Project("{8BC9CEB8-8B4A-11D0-8D11-00A0C91BC942}") = "image_view", "image_view.vcxproj", "{D68DF7AB-2F33-3D46-B066-8C9FA567C4B3}"
	ProjectSection(ProjectDependencies) = postProject
		{BA5C7250-6FEF-3766-A6CE-FAE34451F722} = {BA5C7250-6FEF-3766-A6CE-FAE34451F722}
		{73324072-3B01-34D7-A172-8469BE66AB00} = {73324072-3B01-34D7-A172-8469BE66AB00}
		{78DCB7A5-0682-39D4-803F-480C9F01DFE0} = {78DCB7A5-0682-39D4-803F-480C9F01DFE0}
	EndProjectSection
EndProject
Project("{8BC9CEB8-8B4A-11D0-8D11-00A0C91BC942}") = "jpeg", "jpeg.vcxproj", "{4D75169C-5453-3775-A2EE-597F03E99AD0}"
	ProjectSection(ProjectDependencies) = postProject
		{BA5C7250-6FEF-3766-A6CE-FAE34451F722} = {BA5C7250-6FEF-3766-A6CE-FAE34451F722}
	EndProjectSection
EndProject
Project("{8BC9CEB8-8B4A-11D0-8D11-00A0C91BC942}") = "mask", "mask.vcxproj", "{ED2ADE5A-E694-3602-B8CD-507DCD0C1188}"
	ProjectSection(ProjectDependencies) = postProject
		{BA5C7250-6FEF-3766-A6CE-FAE34451F722} = {BA5C7250-6FEF-3766-A6CE-FAE34451F722}
		{73324072-3B01-34D7-A172-8469BE66AB00} = {73324072-3B01-34D7-A172-8469BE66AB00}
	EndProjectSection
EndProject
Project("{8BC9CEB8-8B4A-11D0-8D11-00A0C91BC942}") = "part", "part.vcxproj", "{16DA39C8-7C08-3AD5-905B-5138A9977148}"
	ProjectSection(ProjectDependencies) = postProject
		{BA5C7250-6FEF-3766-A6CE-FAE34451F722} = {BA5C7250-6FEF-3766-A6CE-FAE34451F722}
		{73324072-3B01-34D7-A172-8469BE66AB00} = {73324072-3B01-34D7-A172-8469BE66AB00}
	EndProjectSection
EndProject
Project("{8BC9CEB8-8B4A-11D0-8D11-00A0C91BC942}") = "path", "path.vcxproj", "{2FF792F6-576D-3AB8-9B6E-48B18136EF0E}"
	ProjectSection(ProjectDependencies) = postProject
		{BA5C7250-6FEF-3766-A6CE-FAE34451F722} = {BA5C7250-6FEF-3766-A6CE-FAE34451F722}
		{73324072-3B01-34D7-A172-8469BE66AB00} = {73324072-3B01-34D7-A172-8469BE66AB00}
	EndProjectSection
EndProject
Project("{8BC9CEB8-8B4A-11D0-8D11-00A0C91BC942}") = "pattern", "pattern.vcxproj", "{11E10BEB-0367-3F53-8BB1-6BD482DE82D9}"
	ProjectSection(ProjectDependencies) = postProject
		{BA5C7250-6FEF-3766-A6CE-FAE34451F722} = {BA5C7250-6FEF-3766-A6CE-FAE34451F722}
		{73324072-3B01-34D7-A172-8469BE66AB00} = {73324072-3B01-34D7-A172-8469BE66AB00}
	EndProjectSection
EndProject
Project("{8BC9CEB8-8B4A-11D0-8D11-00A0C91BC942}") = "picasso2_sw", "picasso2_sw.vcxproj", "{73324072-3B01-34D7-A172-8469BE66AB00}"
	ProjectSection(ProjectDependencies) = postProject
		{BA5C7250-6FEF-3766-A6CE-FAE34451F722} = {BA5C7250-6FEF-3766-A6CE-FAE34451F722}
	EndProjectSection
EndProject
Project("{8BC9CEB8-8B4A-11D0-8D11-00A0C91BC942}") = "png", "png.vcxproj", "{8C7C6D3F-AEC1-33AA-9C4C-2A80D43341E6}"
	ProjectSection(ProjectDependencies) = postProject
		{BA5C7250-6FEF-3766-A6CE-FAE34451F722} = {BA5C7250-6FEF-3766-A6CE-FAE34451F722}
		{AA6F83AB-1770-3AAB-9FB8-ED28721BAB74} = {AA6F83AB-1770-3AAB-9FB8-ED28721BAB74}
	EndProjectSection
EndProject
Project("{8BC9CEB8-8B4A-11D0-8D11-00A0C91BC942}") = "psx_image", "psx_image.vcxproj", "{78DCB7A5-0682-39D4-803F-480C9F01DFE0}"
	ProjectSection(ProjectDependencies) = postProject
		{BA5C7250-6FEF-3766-A6CE-FAE34451F722} = {BA5C7250-6FEF-3766-A6CE-FAE34451F722}
		{73324072-3B01-34D7-A172-8469BE66AB00} = {73324072-3B01-34D7-A172-8469BE66AB00}
	EndProjectSection
EndProject
Project("{8BC9CEB8-8B4A-11D0-8D11-00A0C91BC942}") = "psxm_image_gif", "psxm_image_gif.vcxproj", "{11C38CA6-5B72-36BE-83E0-6DAEEF384FF2}"
	ProjectSection(ProjectDependencies) = postProject
		{BA5C7250-6FEF-3766-A6CE-FAE34451F722} = {BA5C7250-6FEF-3766-A6CE-FAE34451F722}
		{CC9A2FA0-B632-347A-831F-0B25BC1449F6} = {CC9A2FA0-B632-347A-831F-0B25BC1449F6}
	EndProjectSection
EndProject
Project("{8BC9CEB8-8B4A-11D0-8D11-00A0C91BC942}") = "psxm_image_jpeg", "psxm_image_jpeg.vcxproj", "{1D4709C4-9163-3DAE-94D3-5CCB5886DCE3}"
	ProjectSection(ProjectDependencies) = postProject
		{BA5C7250-6FEF-3766-A6CE-FAE34451F722} = {BA5C7250-6FEF-3766-A6CE-FAE34451F722}
		{4D75169C-5453-3775-A2EE-597F03E99AD0} = {4D75169C-5453-3775-A2EE-597F03E99AD0}
	EndProjectSection
EndProject
Project("{8BC9CEB8-8B4A-11D0-8D11-00A0C91BC942}") = "psxm_image_png", "psxm_image_png.vcxproj", "{208667E8-7990-3564-86BB-01E7EBB8A094}"
	ProjectSection(ProjectDependencies) = postProject
		{BA5C7250-6FEF-3766-A6CE-FAE34451F722} = {BA5C7250-6FEF-3766-A6CE-FAE34451F722}
		{8C7C6D3F-AEC1-33AA-9C4C-2A80D43341E6} = {8C7C6D3F-AEC1-33AA-9C4C-2A80D43341E6}
	EndProjectSection
EndProject
Project("{8BC9CEB8-8B4A-11D0-8D11-00A0C91BC942}") = "psxm_image_webp", "psxm_image_webp.vcxproj", "{3293ABFD-3182-3B63-B8B5-C0BDE4850DDB}"
	ProjectSection(ProjectDependencies) = postProject
		{BA5C7250-6FEF-3766-A6CE-FAE34451F722} = {BA5C7250-6FEF-3766-A6CE-FAE34451F722}
		{5EA327C8-53CD-390A-904A-95AFFC9B5604} = {5EA327C8-53CD-390A-904A-95AFFC9B5604}
	EndProjectSection
EndProject
Project("{8BC9CEB8-8B4A-11D0-8D11-00A0C91BC942}") = "shadow", "shadow.vcxproj", "{BC6F69DD-4A53-3575-9111-DA05C15772D7}"
	ProjectSection(ProjectDependencies) = postProject
		{BA5C7250-6FEF-3766-A6CE-FAE34451F722} = {BA5C7250-6FEF-3766-A6CE-FAE34451F722}
		{73324072-3B01-34D7-A172-8469BE66AB00} = {73324072-3B01-34D7-A172-8469BE66AB00}
	EndProjectSection
EndProject
Project("{8BC9CEB8-8B4A-11D0-8D11-00A0C91BC942}") = "subwaymap", "subwaymap.vcxproj", "{C514C224-CD86-30AF-B0FF-2A2AEAB1FF6D}"
	ProjectSection(ProjectDependencies) = postProject
		{BA5C7250-6FEF-3766-A6CE-FAE34451F722} = {BA5C7250-6FEF-3766-A6CE-FAE34451F722}
		{73324072-3B01-34D7-A172-8469BE66AB00} = {73324072-3B01-34D7-A172-8469BE66AB00}
	EndProjectSection
EndProject
Project("{8BC9CEB8-8B4A-11D0-8D11-00A0C91BC942}") = "text", "text.vcxproj", "{B2E5A05A-CF9B-3375-8233-468D4175DC0A}"
	ProjectSection(ProjectDependencies) = postProject
		{BA5C7250-6FEF-3766-A6CE-FAE34451F722} = {BA5C7250-6FEF-3766-A6CE-FAE34451F722}
		{73324072-3B01-34D7-A172-8469BE66AB00} = {73324072-3B01-34D7-A172-8469BE66AB00}
	EndProjectSection
EndProject
Project("{8BC9CEB8-8B4A-11D0-8D11-00A0C91BC942}") = "thread", "thread.vcxproj", "{1B0B41C8-481B-303B-98DD-7C3B7F9C5026}"
	ProjectSection(ProjectDependencies) = postProject
		{BA5C7250-6FEF-3766-A6CE-FAE34451F722} = {BA5C7250-6FEF-3766-A6CE-FAE34451F722}
		{73324072-3B01-34D7-A172-8469BE66AB00} = {73324072-3B01-34D7-A172-8469BE66AB00}
	EndProjectSection
EndProject
Project("{8BC9CEB8-8B4A-11D0-8D11-00A0C91BC942}") = "tiger", "tiger.vcxproj", "{E0059279-6364-3560-A406-871BB354AFB6}"
	ProjectSection(ProjectDependencies) = postProject
		{BA5C7250-6FEF-3766-A6CE-FAE34451F722} = {BA5C7250-6FEF-3766-A6CE-FAE34451F722}
		{73324072-3B01-34D7-A172-8469BE66AB00} = {73324072-3B01-34D7-A172-8469BE66AB00}
	EndProjectSection
EndProject
Project("{8BC9CEB8-8B4A-11D0-8D11-00A0C91BC942}") = "webp", "webp.vcxproj", "{5EA327C8-53CD-390A-904A-95AFFC9B5604}"
	ProjectSection(ProjectDependencies) = postProject
		{BA5C7250-6FEF-3766-A6CE-FAE34451F722} = {BA5C7250-6FEF-3766-A6CE-FAE34451F722}
	EndProjectSection
EndProject
Project("{8BC9CEB8-8B4A-11D0-8D11-00A0C91BC942}") = "zlib", "zlib.vcxproj", "{AA6F83AB-1770-3AAB-9FB8-ED28721BAB74}"
	ProjectSection(ProjectDependencies) = postProject
		{BA5C7250-6FEF-3766-A6CE-FAE34451F722} = {BA5C7250-6FEF-3766-A6CE-FAE34451F722}
	EndProjectSection
EndProject
Global
	GlobalSection(SolutionConfigurationPlatforms) = preSolution
		Debug|x64 = Debug|x64
		Release|x64 = Release|x64
		MinSizeRel|x64 = MinSizeRel|x64
		RelWithDebInfo|x64 = RelWithDebInfo|x64
	EndGlobalSection
	GlobalSection(ProjectConfigurationPlatforms) = postSolution
		{63B3BD9E-19AD-328D-B90C-8245754E25C1}.Debug|x64.ActiveCfg = Debug|x64
		{63B3BD9E-19AD-328D-B90C-8245754E25C1}.Release|x64.ActiveCfg = Release|x64
		{63B3BD9E-19AD-328D-B90C-8245754E25C1}.MinSizeRel|x64.ActiveCfg = MinSizeRel|x64
		{63B3BD9E-19AD-328D-B90C-8245754E25C1}.RelWithDebInfo|x64.ActiveCfg = RelWithDebInfo|x64
		{BA5C7250-6FEF-3766-A6CE-FAE34451F722}.Debug|x64.ActiveCfg = Debug|x64
		{BA5C7250-6FEF-3766-A6CE-FAE34451F722}.Debug|x64.Build.0 = Debug|x64
		{BA5C7250-6FEF-3766-A6CE-FAE34451F722}.Release|x64.ActiveCfg = Release|x64
		{BA5C7250-6FEF-3766-A6CE-FAE34451F722}.Release|x64.Build.0 = Release|x64
		{BA5C7250-6FEF-3766-A6CE-FAE34451F722}.MinSizeRel|x64.ActiveCfg = MinSizeRel|x64
		{BA5C7250-6FEF-3766-A6CE-FAE34451F722}.MinSizeRel|x64.Build.0 = MinSizeRel|x64
		{BA5C7250-6FEF-3766-A6CE-FAE34451F722}.RelWithDebInfo|x64.ActiveCfg = RelWithDebInfo|x64
		{BA5C7250-6FEF-3766-A6CE-FAE34451F722}.RelWithDebInfo|x64.Build.0 = RelWithDebInfo|x64
		{D486ABFA-FAC7-3CA2-9BE9-B8CE3129624F}.Debug|x64.ActiveCfg = Debug|x64
		{D486ABFA-FAC7-3CA2-9BE9-B8CE3129624F}.Debug|x64.Build.0 = Debug|x64
		{D486ABFA-FAC7-3CA2-9BE9-B8CE3129624F}.Release|x64.ActiveCfg = Release|x64
		{D486ABFA-FAC7-3CA2-9BE9-B8CE3129624F}.Release|x64.Build.0 = Release|x64
		{D486ABFA-FAC7-3CA2-9BE9-B8CE3129624F}.MinSizeRel|x64.ActiveCfg = MinSizeRel|x64
		{D486ABFA-FAC7-3CA2-9BE9-B8CE3129624F}.MinSizeRel|x64.Build.0 = MinSizeRel|x64
		{D486ABFA-FAC7-3CA2-9BE9-B8CE3129624F}.RelWithDebInfo|x64.ActiveCfg = RelWithDebInfo|x64
		{D486ABFA-FAC7-3CA2-9BE9-B8CE3129624F}.RelWithDebInfo|x64.Build.0 = RelWithDebInfo|x64
		{445E7D68-3BE1-3E95-A0D8-DE1D82082579}.Debug|x64.ActiveCfg = Debug|x64
		{445E7D68-3BE1-3E95-A0D8-DE1D82082579}.Debug|x64.Build.0 = Debug|x64
		{445E7D68-3BE1-3E95-A0D8-DE1D82082579}.Release|x64.ActiveCfg = Release|x64
		{445E7D68-3BE1-3E95-A0D8-DE1D82082579}.Release|x64.Build.0 = Release|x64
		{445E7D68-3BE1-3E95-A0D8-DE1D82082579}.MinSizeRel|x64.ActiveCfg = MinSizeRel|x64
		{445E7D68-3BE1-3E95-A0D8-DE1D82082579}.MinSizeRel|x64.Build.0 = MinSizeRel|x64
		{445E7D68-3BE1-3E95-A0D8-DE1D82082579}.RelWithDebInfo|x64.ActiveCfg = RelWithDebInfo|x64
		{445E7D68-3BE1-3E95-A0D8-DE1D82082579}.RelWithDebInfo|x64.Build.0 = RelWithDebInfo|x64
		{5DC360E1-D0A7-3080-805E-BFA740575F62}.Debug|x64.ActiveCfg = Debug|x64
		{5DC360E1-D0A7-3080-805E-BFA740575F62}.Debug|x64.Build.0 = Debug|x64
		{5DC360E1-D0A7-3080-805E-BFA740575F62}.Release|x64.ActiveCfg = Release|x64
		{5DC360E1-D0A7-3080-805E-BFA740575F62}.Release|x64.Build.0 = Release|x64
		{5DC360E1-D0A7-3080-805E-BFA740575F62}.MinSizeRel|x64.ActiveCfg = MinSizeRel|x64
		{5DC360E1-D0A7-3080-805E-BFA740575F62}.MinSizeRel|x64.Build.0 = MinSizeRel|x64
		{5DC360E1-D0A7-3080-805E-BFA740575F62}.RelWithDebInfo|x64.ActiveCfg = RelWithDebInfo|x64
		{5DC360E1-D0A7-3080-805E-BFA740575F62}.RelWithDebInfo|x64.Build.0 = RelWithDebInfo|x64
		{156EC57E-A797-3EC6-AF30-4CDD143215A4}.Debug|x64.ActiveCfg = Debug|x64
		{156EC57E-A797-3EC6-AF30-4CDD143215A4}.Debug|x64.Build.0 = Debug|x64
		{156EC57E-A797-3EC6-AF30-4CDD143215A4}.Release|x64.ActiveCfg = Release|x64
		{156EC57E-A797-3EC6-AF30-4CDD143215A4}.Release|x64.Build.0 = Release|x64
		{156EC57E-A797-3EC6-AF30-4CDD143215A4}.MinSizeRel|x64.ActiveCfg = MinSizeRel|x64
		{156EC57E-A797-3EC6-AF30-4CDD143215A4}.MinSizeRel|x64.Build.0 = MinSizeRel|x64
		{156EC57E-A797-3EC6-AF30-4CDD143215A4}.RelWithDebInfo|x64.ActiveCfg = RelWithDebInfo|x64
		{156EC57E-A797-3EC6-AF30-4CDD143215A4}.RelWithDebInfo|x64.Build.0 = RelWithDebInfo|x64
		{6388A22C-3C86-345F-B11D-44479257E3FF}.Debug|x64.ActiveCfg = Debug|x64
		{6388A22C-3C86-345F-B11D-44479257E3FF}.Debug|x64.Build.0 = Debug|x64
		{6388A22C-3C86-345F-B11D-44479257E3FF}.Release|x64.ActiveCfg = Release|x64
		{6388A22C-3C86-345F-B11D-44479257E3FF}.Release|x64.Build.0 = Release|x64
		{6388A22C-3C86-345F-B11D-44479257E3FF}.MinSizeRel|x64.ActiveCfg = MinSizeRel|x64
		{6388A22C-3C86-345F-B11D-44479257E3FF}.MinSizeRel|x64.Build.0 = MinSizeRel|x64
		{6388A22C-3C86-345F-B11D-44479257E3FF}.RelWithDebInfo|x64.ActiveCfg = RelWithDebInfo|x64
		{6388A22C-3C86-345F-B11D-44479257E3FF}.RelWithDebInfo|x64.Build.0 = RelWithDebInfo|x64
		{16E3BA05-9CE7-3841-B636-CFF982691C8E}.Debug|x64.ActiveCfg = Debug|x64
		{16E3BA05-9CE7-3841-B636-CFF982691C8E}.Debug|x64.Build.0 = Debug|x64
		{16E3BA05-9CE7-3841-B636-CFF982691C8E}.Release|x64.ActiveCfg = Release|x64
		{16E3BA05-9CE7-3841-B636-CFF982691C8E}.Release|x64.Build.0 = Release|x64
		{16E3BA05-9CE7-3841-B636-CFF982691C8E}.MinSizeRel|x64.ActiveCfg = MinSizeRel|x64
		{16E3BA05-9CE7-3841-B636-CFF982691C8E}.MinSizeRel|x64.Build.0 = MinSizeRel|x64
		{16E3BA05-9CE7-3841-B636-CFF982691C8E}.RelWithDebInfo|x64.ActiveCfg = RelWithDebInfo|x64
		{16E3BA05-9CE7-3841-B636-CFF982691C8E}.RelWithDebInfo|x64.Build.0 = RelWithDebInfo|x64
		{BFBB9555-3EAB-3B5F-BAB3-2B4BFE7C20E2}.Debug|x64.ActiveCfg = Debug|x64
		{BFBB9555-3EAB-3B5F-BAB3-2B4BFE7C20E2}.Debug|x64.Build.0 = Debug|x64
		{BFBB9555-3EAB-3B5F-BAB3-2B4BFE7C20E2}.Release|x64.ActiveCfg = Release|x64
		{BFBB9555-3EAB-3B5F-BAB3-2B4BFE7C20E2}.Release|x64.Build.0 = Release|x64
		{BFBB9555-3EAB-3B5F-BAB3-2B4BFE7C20E2}.MinSizeRel|x64.ActiveCfg = MinSizeRel|x64
		{BFBB9555-3EAB-3B5F-BAB3-2B4BFE7C20E2}.MinSizeRel|x64.Build.0 = MinSizeRel|x64
		{BFBB9555-3EAB-3B5F-BAB3-2B4BFE7C20E2}.RelWithDebInfo|x64.ActiveCfg = RelWithDebInfo|x64
		{BFBB9555-3EAB-3B5F-BAB3-2B4BFE7C20E2}.RelWithDebInfo|x64.Build.0 = RelWithDebInfo|x64
		{288FC939-C0B8-3DE1-933A-344729694594}.Debug|x64.ActiveCfg = Debug|x64
		{288FC939-C0B8-3DE1-933A-344729694594}.Debug|x64.Build.0 = Debug|x64
		{288FC939-C0B8-3DE1-933A-344729694594}.Release|x64.ActiveCfg = Release|x64
		{288FC939-C0B8-3DE1-933A-344729694594}.Release|x64.Build.0 = Release|x64
		{288FC939-C0B8-3DE1-933A-344729694594}.MinSizeRel|x64.ActiveCfg = MinSizeRel|x64
		{288FC939-C0B8-3DE1-933A-344729694594}.MinSizeRel|x64.Build.0 = MinSizeRel|x64
		{288FC939-C0B8-3DE1-933A-344729694594}.RelWithDebInfo|x64.ActiveCfg = RelWithDebInfo|x64
		{288FC939-C0B8-3DE1-933A-344729694594}.RelWithDebInfo|x64.Build.0 = RelWithDebInfo|x64
		{314DA630-E4E3-325B-994B-1400F307E40A}.Debug|x64.ActiveCfg = Debug|x64
		{314DA630-E4E3-325B-994B-1400F307E40A}.Debug|x64.Build.0 = Debug|x64
		{314DA630-E4E3-325B-994B-1400F307E40A}.Release|x64.ActiveCfg = Release|x64
		{314DA630-E4E3-325B-994B-1400F307E40A}.Release|x64.Build.0 = Release|x64
		{314DA630-E4E3-325B-994B-1400F307E40A}.MinSizeRel|x64.ActiveCfg = MinSizeRel|x64
		{314DA630-E4E3-325B-994B-1400F307E40A}.MinSizeRel|x64.Build.0 = MinSizeRel|x64
		{314DA630-E4E3-325B-994B-1400F307E40A}.RelWithDebInfo|x64.ActiveCfg = RelWithDebInfo|x64
		{314DA630-E4E3-325B-994B-1400F307E40A}.RelWithDebInfo|x64.Build.0 = RelWithDebInfo|x64
		{CC9A2FA0-B632-347A-831F-0B25BC1449F6}.Debug|x64.ActiveCfg = Debug|x64
		{CC9A2FA0-B632-347A-831F-0B25BC1449F6}.Debug|x64.Build.0 = Debug|x64
		{CC9A2FA0-B632-347A-831F-0B25BC1449F6}.Release|x64.ActiveCfg = Release|x64
		{CC9A2FA0-B632-347A-831F-0B25BC1449F6}.Release|x64.Build.0 = Release|x64
		{CC9A2FA0-B632-347A-831F-0B25BC1449F6}.MinSizeRel|x64.ActiveCfg = MinSizeRel|x64
		{CC9A2FA0-B632-347A-831F-0B25BC1449F6}.MinSizeRel|x64.Build.0 = MinSizeRel|x64
		{CC9A2FA0-B632-347A-831F-0B25BC1449F6}.RelWithDebInfo|x64.ActiveCfg = RelWithDebInfo|x64
		{CC9A2FA0-B632-347A-831F-0B25BC1449F6}.RelWithDebInfo|x64.Build.0 = RelWithDebInfo|x64
		{6DB0A2C1-A840-3276-B916-A79F9EC25B78}.Debug|x64.ActiveCfg = Debug|x64
		{6DB0A2C1-A840-3276-B916-A79F9EC25B78}.Debug|x64.Build.0 = Debug|x64
		{6DB0A2C1-A840-3276-B916-A79F9EC25B78}.Release|x64.ActiveCfg = Release|x64
		{6DB0A2C1-A840-3276-B916-A79F9EC25B78}.Release|x64.Build.0 = Release|x64
		{6DB0A2C1-A840-3276-B916-A79F9EC25B78}.MinSizeRel|x64.ActiveCfg = MinSizeRel|x64
		{6DB0A2C1-A840-3276-B916-A79F9EC25B78}.MinSizeRel|x64.Build.0 = MinSizeRel|x64
		{6DB0A2C1-A840-3276-B916-A79F9EC25B78}.RelWithDebInfo|x64.ActiveCfg = RelWithDebInfo|x64
		{6DB0A2C1-A840-3276-B916-A79F9EC25B78}.RelWithDebInfo|x64.Build.0 = RelWithDebInfo|x64
		{52D9088A-78AB-3A9F-9D9A-C01C524E122B}.Debug|x64.ActiveCfg = Debug|x64
		{52D9088A-78AB-3A9F-9D9A-C01C524E122B}.Debug|x64.Build.0 = Debug|x64
		{52D9088A-78AB-3A9F-9D9A-C01C524E122B}.Release|x64.ActiveCfg = Release|x64
		{52D9088A-78AB-3A9F-9D9A-C01C524E122B}.Release|x64.Build.0 = Release|x64
		{52D9088A-78AB-3A9F-9D9A-C01C524E122B}.MinSizeRel|x64.ActiveCfg = MinSizeRel|x64
		{52D9088A-78AB-3A9F-9D9A-C01C524E122B}.MinSizeRel|x64.Build.0 = MinSizeRel|x64
		{52D9088A-78AB-3A9F-9D9A-C01C524E122B}.RelWithDebInfo|x64.ActiveCfg = RelWithDebInfo|x64
		{52D9088A-78AB-3A9F-9D9A-C01C524E122B}.RelWithDebInfo|x64.Build.0 = RelWithDebInfo|x64
		{D68DF7AB-2F33-3D46-B066-8C9FA567C4B3}.Debug|x64.ActiveCfg = Debug|x64
		{D68DF7AB-2F33-3D46-B066-8C9FA567C4B3}.Debug|x64.Build.0 = Debug|x64
		{D68DF7AB-2F33-3D46-B066-8C9FA567C4B3}.Release|x64.ActiveCfg = Release|x64
		{D68DF7AB-2F33-3D46-B066-8C9FA567C4B3}.Release|x64.Build.0 = Release|x64
		{D68DF7AB-2F33-3D46-B066-8C9FA567C4B3}.MinSizeRel|x64.ActiveCfg = MinSizeRel|x64
		{D68DF7AB-2F33-3D46-B066-8C9FA567C4B3}.MinSizeRel|x64.Build.0 = MinSizeRel|x64
		{D68DF7AB-2F33-3D46-B066-8C9FA567C4B3}.RelWithDebInfo|x64.ActiveCfg = RelWithDebInfo|x64
		{D68DF7AB-2F33-3D46-B066-8C9FA567C4B3}.RelWithDebInfo|x64.Build.0 = RelWithDebInfo|x64
		{4D75169C-5453-3775-A2EE-597F03E99AD0}.Debug|x64.ActiveCfg = Debug|x64
		{4D75169C-5453-3775-A2EE-597F03E99AD0}.Debug|x64.Build.0 = Debug|x64
		{4D75169C-5453-3775-A2EE-597F03E99AD0}.Release|x64.ActiveCfg = Release|x64
		{4D75169C-5453-3775-A2EE-597F03E99AD0}.Release|x64.Build.0 = Release|x64
		{4D75169C-5453-3775-A2EE-597F03E99AD0}.MinSizeRel|x64.ActiveCfg = MinSizeRel|x64
		{4D75169C-5453-3775-A2EE-597F03E99AD0}.MinSizeRel|x64.Build.0 = MinSizeRel|x64
		{4D75169C-5453-3775-A2EE-597F03E99AD0}.RelWithDebInfo|x64.ActiveCfg = RelWithDebInfo|x64
		{4D75169C-5453-3775-A2EE-597F03E99AD0}.RelWithDebInfo|x64.Build.0 = RelWithDebInfo|x64
		{ED2ADE5A-E694-3602-B8CD-507DCD0C1188}.Debug|x64.ActiveCfg = Debug|x64
		{ED2ADE5A-E694-3602-B8CD-507DCD0C1188}.Debug|x64.Build.0 = Debug|x64
		{ED2ADE5A-E694-3602-B8CD-507DCD0C1188}.Release|x64.ActiveCfg = Release|x64
		{ED2ADE5A-E694-3602-B8CD-507DCD0C1188}.Release|x64.Build.0 = Release|x64
		{ED2ADE5A-E694-3602-B8CD-507DCD0C1188}.MinSizeRel|x64.ActiveCfg = MinSizeRel|x64
		{ED2ADE5A-E694-3602-B8CD-507DCD0C1188}.MinSizeRel|x64.Build.0 = MinSizeRel|x64
		{ED2ADE5A-E694-3602-B8CD-507DCD0C1188}.RelWithDebInfo|x64.ActiveCfg = RelWithDebInfo|x64
		{ED2ADE5A-E694-3602-B8CD-507DCD0C1188}.RelWithDebInfo|x64.Build.0 = RelWithDebInfo|x64
		{16DA39C8-7C08-3AD5-905B-5138A9977148}.Debug|x64.ActiveCfg = Debug|x64
		{16DA39C8-7C08-3AD5-905B-5138A9977148}.Debug|x64.Build.0 = Debug|x64
		{16DA39C8-7C08-3AD5-905B-5138A9977148}.Release|x64.ActiveCfg = Release|x64
		{16DA39C8-7C08-3AD5-905B-5138A9977148}.Release|x64.Build.0 = Release|x64
		{16DA39C8-7C08-3AD5-905B-5138A9977148}.MinSizeRel|x64.ActiveCfg = MinSizeRel|x64
		{16DA39C8-7C08-3AD5-905B-5138A9977148}.MinSizeRel|x64.Build.0 = MinSizeRel|x64
		{16DA39C8-7C08-3AD5-905B-5138A9977148}.RelWithDebInfo|x64.ActiveCfg = RelWithDebInfo|x64
		{16DA39C8-7C08-3AD5-905B-5138A9977148}.RelWithDebInfo|x64.Build.0 = RelWithDebInfo|x64
		{2FF792F6-576D-3AB8-9B6E-48B18136EF0E}.Debug|x64.ActiveCfg = Debug|x64
		{2FF792F6-576D-3AB8-9B6E-48B18136EF0E}.Debug|x64.Build.0 = Debug|x64
		{2FF792F6-576D-3AB8-9B6E-48B18136EF0E}.Release|x64.ActiveCfg = Release|x64
		{2FF792F6-576D-3AB8-9B6E-48B18136EF0E}.Release|x64.Build.0 = Release|x64
		{2FF792F6-576D-3AB8-9B6E-48B18136EF0E}.MinSizeRel|x64.ActiveCfg = MinSizeRel|x64
		{2FF792F6-576D-3AB8-9B6E-48B18136EF0E}.MinSizeRel|x64.Build.0 = MinSizeRel|x64
		{2FF792F6-576D-3AB8-9B6E-48B18136EF0E}.RelWithDebInfo|x64.ActiveCfg = RelWithDebInfo|x64
		{2FF792F6-576D-3AB8-9B6E-48B18136EF0E}.RelWithDebInfo|x64.Build.0 = RelWithDebInfo|x64
		{11E10BEB-0367-3F53-8BB1-6BD482DE82D9}.Debug|x64.ActiveCfg = Debug|x64
		{11E10BEB-0367-3F53-8BB1-6BD482DE82D9}.Debug|x64.Build.0 = Debug|x64
		{11E10BEB-0367-3F53-8BB1-6BD482DE82D9}.Release|x64.ActiveCfg = Release|x64
		{11E10BEB-0367-3F53-8BB1-6BD482DE82D9}.Release|x64.Build.0 = Release|x64
		{11E10BEB-0367-3F53-8BB1-6BD482DE82D9}.MinSizeRel|x64.ActiveCfg = MinSizeRel|x64
		{11E10BEB-0367-3F53-8BB1-6BD482DE82D9}.MinSizeRel|x64.Build.0 = MinSizeRel|x64
		{11E10BEB-0367-3F53-8BB1-6BD482DE82D9}.RelWithDebInfo|x64.ActiveCfg = RelWithDebInfo|x64
		{11E10BEB-0367-3F53-8BB1-6BD482DE82D9}.RelWithDebInfo|x64.Build.0 = RelWithDebInfo|x64
		{73324072-3B01-34D7-A172-8469BE66AB00}.Debug|x64.ActiveCfg = Debug|x64
		{73324072-3B01-34D7-A172-8469BE66AB00}.Debug|x64.Build.0 = Debug|x64
		{73324072-3B01-34D7-A172-8469BE66AB00}.Release|x64.ActiveCfg = Release|x64
		{73324072-3B01-34D7-A172-8469BE66AB00}.Release|x64.Build.0 = Release|x64
		{73324072-3B01-34D7-A172-8469BE66AB00}.MinSizeRel|x64.ActiveCfg = MinSizeRel|x64
		{73324072-3B01-34D7-A172-8469BE66AB00}.MinSizeRel|x64.Build.0 = MinSizeRel|x64
		{73324072-3B01-34D7-A172-8469BE66AB00}.RelWithDebInfo|x64.ActiveCfg = RelWithDebInfo|x64
		{73324072-3B01-34D7-A172-8469BE66AB00}.RelWithDebInfo|x64.Build.0 = RelWithDebInfo|x64
		{8C7C6D3F-AEC1-33AA-9C4C-2A80D43341E6}.Debug|x64.ActiveCfg = Debug|x64
		{8C7C6D3F-AEC1-33AA-9C4C-2A80D43341E6}.Debug|x64.Build.0 = Debug|x64
		{8C7C6D3F-AEC1-33AA-9C4C-2A80D43341E6}.Release|x64.ActiveCfg = Release|x64
		{8C7C6D3F-AEC1-33AA-9C4C-2A80D43341E6}.Release|x64.Build.0 = Release|x64
		{8C7C6D3F-AEC1-33AA-9C4C-2A80D43341E6}.MinSizeRel|x64.ActiveCfg = MinSizeRel|x64
		{8C7C6D3F-AEC1-33AA-9C4C-2A80D43341E6}.MinSizeRel|x64.Build.0 = MinSizeRel|x64
		{8C7C6D3F-AEC1-33AA-9C4C-2A80D43341E6}.RelWithDebInfo|x64.ActiveCfg = RelWithDebInfo|x64
		{8C7C6D3F-AEC1-33AA-9C4C-2A80D43341E6}.RelWithDebInfo|x64.Build.0 = RelWithDebInfo|x64
		{78DCB7A5-0682-39D4-803F-480C9F01DFE0}.Debug|x64.ActiveCfg = Debug|x64
		{78DCB7A5-0682-39D4-803F-480C9F01DFE0}.Debug|x64.Build.0 = Debug|x64
		{78DCB7A5-0682-39D4-803F-480C9F01DFE0}.Release|x64.ActiveCfg = Release|x64
		{78DCB7A5-0682-39D4-803F-480C9F01DFE0}.Release|x64.Build.0 = Release|x64
		{78DCB7A5-0682-39D4-803F-480C9F01DFE0}.MinSizeRel|x64.ActiveCfg = MinSizeRel|x64
		{78DCB7A5-0682-39D4-803F-480C9F01DFE0}.MinSizeRel|x64.Build.0 = MinSizeRel|x64
		{78DCB7A5-0682-39D4-803F-480C9F01DFE0}.RelWithDebInfo|x64.ActiveCfg = RelWithDebInfo|x64
		{78DCB7A5-0682-39D4-803F-480C9F01DFE0}.RelWithDebInfo|x64.Build.0 = RelWithDebInfo|x64
		{11C38CA6-5B72-36BE-83E0-6DAEEF384FF2}.Debug|x64.ActiveCfg = Debug|x64
		{11C38CA6-5B72-36BE-83E0-6DAEEF384FF2}.Debug|x64.Build.0 = Debug|x64
		{11C38CA6-5B72-36BE-83E0-6DAEEF384FF2}.Release|x64.ActiveCfg = Release|x64
		{11C38CA6-5B72-36BE-83E0-6DAEEF384FF2}.Release|x64.Build.0 = Release|x64
		{11C38CA6-5B72-36BE-83E0-6DAEEF384FF2}.MinSizeRel|x64.ActiveCfg = MinSizeRel|x64
		{11C38CA6-5B72-36BE-83E0-6DAEEF384FF2}.MinSizeRel|x64.Build.0 = MinSizeRel|x64
		{11C38CA6-5B72-36BE-83E0-6DAEEF384FF2}.RelWithDebInfo|x64.ActiveCfg = RelWithDebInfo|x64
		{11C38CA6-5B72-36BE-83E0-6DAEEF384FF2}.RelWithDebInfo|x64.Build.0 = RelWithDebInfo|x64
		{1D4709C4-9163-3DAE-94D3-5CCB5886DCE3}.Debug|x64.ActiveCfg = Debug|x64
		{1D4709C4-9163-3DAE-94D3-5CCB5886DCE3}.Debug|x64.Build.0 = Debug|x64
		{1D4709C4-9163-3DAE-94D3-5CCB5886DCE3}.Release|x64.ActiveCfg = Release|x64
		{1D4709C4-9163-3DAE-94D3-5CCB5886DCE3}.Release|x64.Build.0 = Release|x64
		{1D4709C4-9163-3DAE-94D3-5CCB5886DCE3}.MinSizeRel|x64.ActiveCfg = MinSizeRel|x64
		{1D4709C4-9163-3DAE-94D3-5CCB5886DCE3}.MinSizeRel|x64.Build.0 = MinSizeRel|x64
		{1D4709C4-9163-3DAE-94D3-5CCB5886DCE3}.RelWithDebInfo|x64.ActiveCfg = RelWithDebInfo|x64
		{1D4709C4-9163-3DAE-94D3-5CCB5886DCE3}.RelWithDebInfo|x64.Build.0 = RelWithDebInfo|x64
		{208667E8-7990-3564-86BB-01E7EBB8A094}.Debug|x64.ActiveCfg = Debug|x64
		{208667E8-7990-3564-86BB-01E7EBB8A094}.Debug|x64.Build.0 = Debug|x64
		{208667E8-7990-3564-86BB-01E7EBB8A094}.Release|x64.ActiveCfg = Release|x64
		{208667E8-7990-3564-86BB-01E7EBB8A094}.Release|x64.Build.0 = Release|x64
		{208667E8-7990-3564-86BB-01E7EBB8A094}.MinSizeRel|x64.ActiveCfg = MinSizeRel|x64
		{208667E8-7990-3564-86BB-01E7EBB8A094}.MinSizeRel|x64.Build.0 = MinSizeRel|x64
		{208667E8-7990-3564-86BB-01E7EBB8A094}.RelWithDebInfo|x64.ActiveCfg = RelWithDebInfo|x64
		{208667E8-7990-3564-86BB-01E7EBB8A094}.RelWithDebInfo|x64.Build.0 = RelWithDebInfo|x64
		{3293ABFD-3182-3B63-B8B5-C0BDE4850DDB}.Debug|x64.ActiveCfg = Debug|x64
		{3293ABFD-3182-3B63-B8B5-C0BDE4850DDB}.Debug|x64.Build.0 = Debug|x64
		{3293ABFD-3182-3B63-B8B5-C0BDE4850DDB}.Release|x64.ActiveCfg = Release|x64
		{3293ABFD-3182-3B63-B8B5-C0BDE4850DDB}.Release|x64.Build.0 = Release|x64
		{3293ABFD-3182-3B63-B8B5-C0BDE4850DDB}.MinSizeRel|x64.ActiveCfg = MinSizeRel|x64
		{3293ABFD-3182-3B63-B8B5-C0BDE4850DDB}.MinSizeRel|x64.Build.0 = MinSizeRel|x64
		{3293ABFD-3182-3B63-B8B5-C0BDE4850DDB}.RelWithDebInfo|x64.ActiveCfg = RelWithDebInfo|x64
		{3293ABFD-3182-3B63-B8B5-C0BDE4850DDB}.RelWithDebInfo|x64.Build.0 = RelWithDebInfo|x64
		{BC6F69DD-4A53-3575-9111-DA05C15772D7}.Debug|x64.ActiveCfg = Debug|x64
		{BC6F69DD-4A53-3575-9111-DA05C15772D7}.Debug|x64.Build.0 = Debug|x64
		{BC6F69DD-4A53-3575-9111-DA05C15772D7}.Release|x64.ActiveCfg = Release|x64
		{BC6F69DD-4A53-3575-9111-DA05C15772D7}.Release|x64.Build.0 = Release|x64
		{BC6F69DD-4A53-3575-9111-DA05C15772D7}.MinSizeRel|x64.ActiveCfg = MinSizeRel|x64
		{BC6F69DD-4A53-3575-9111-DA05C15772D7}.MinSizeRel|x64.Build.0 = MinSizeRel|x64
		{BC6F69DD-4A53-3575-9111-DA05C15772D7}.RelWithDebInfo|x64.ActiveCfg = RelWithDebInfo|x64
		{BC6F69DD-4A53-3575-9111-DA05C15772D7}.RelWithDebInfo|x64.Build.0 = RelWithDebInfo|x64
		{C514C224-CD86-30AF-B0FF-2A2AEAB1FF6D}.Debug|x64.ActiveCfg = Debug|x64
		{C514C224-CD86-30AF-B0FF-2A2AEAB1FF6D}.Debug|x64.Build.0 = Debug|x64
		{C514C224-CD86-30AF-B0FF-2A2AEAB1FF6D}.Release|x64.ActiveCfg = Release|x64
		{C514C224-CD86-30AF-B0FF-2A2AEAB1FF6D}.Release|x64.Build.0 = Release|x64
		{C514C224-CD86-30AF-B0FF-2A2AEAB1FF6D}.MinSizeRel|x64.ActiveCfg = MinSizeRel|x64
		{C514C224-CD86-30AF-B0FF-2A2AEAB1FF6D}.MinSizeRel|x64.Build.0 = MinSizeRel|x64
		{C514C224-CD86-30AF-B0FF-2A2AEAB1FF6D}.RelWithDebInfo|x64.ActiveCfg = RelWithDebInfo|x64
		{C514C224-CD86-30AF-B0FF-2A2AEAB1FF6D}.RelWithDebInfo|x64.Build.0 = RelWithDebInfo|x64
		{B2E5A05A-CF9B-3375-8233-468D4175DC0A}.Debug|x64.ActiveCfg = Debug|x64
		{B2E5A05A-CF9B-3375-8233-468D4175DC0A}.Debug|x64.Build.0 = Debug|x64
		{B2E5A05A-CF9B-3375-8233-468D4175DC0A}.Release|x64.ActiveCfg = Release|x64
		{B2E5A05A-CF9B-3375-8233-468D4175DC0A}.Release|x64.Build.0 = Release|x64
		{B2E5A05A-CF9B-3375-8233-468D4175DC0A}.MinSizeRel|x64.ActiveCfg = MinSizeRel|x64
		{B2E5A05A-CF9B-3375-8233-468D4175DC0A}.MinSizeRel|x64.Build.0 = MinSizeRel|x64
		{B2E5A05A-CF9B-3375-8233-468D4175DC0A}.RelWithDebInfo|x64.ActiveCfg = RelWithDebInfo|x64
		{B2E5A05A-CF9B-3375-8233-468D4175DC0A}.RelWithDebInfo|x64.Build.0 = RelWithDebInfo|x64
		{1B0B41C8-481B-303B-98DD-7C3B7F9C5026}.Debug|x64.ActiveCfg = Debug|x64
		{1B0B41C8-481B-303B-98DD-7C3B7F9C5026}.Debug|x64.Build.0 = Debug|x64
		{1B0B41C8-481B-303B-98DD-7C3B7F9C5026}.Release|x64.ActiveCfg = Release|x64
		{1B0B41C8-481B-303B-98DD-7C3B7F9C5026}.Release|x64.Build.0 = Release|x64
		{1B0B41C8-481B-303B-98DD-7C3B7F9C5026}.MinSizeRel|x64.ActiveCfg = MinSizeRel|x64
		{1B0B41C8-481B-303B-98DD-7C3B7F9C5026}.MinSizeRel|x64.Build.0 = MinSizeRel|x64
		{1B0B41C8-481B-303B-98DD-7C3B7F9C5026}.RelWithDebInfo|x64.ActiveCfg = RelWithDebInfo|x64
		{1B0B41C8-481B-303B-98DD-7C3B7F9C5026}.RelWithDebInfo|x64.Build.0 = RelWithDebInfo|x64
		{E0059279-6364-3560-A406-871BB354AFB6}.Debug|x64.ActiveCfg = Debug|x64
		{E0059279-6364-3560-A406-871BB354AFB6}.Debug|x64.Build.0 = Debug|x64
		{E0059279-6364-3560-A406-871BB354AFB6}.Release|x64.ActiveCfg = Release|x64
		{E0059279-6364-3560-A406-871BB354AFB6}.Release|x64.Build.0 = Release|x64
		{E0059279-6364-3560-A406-871BB354AFB6}.MinSizeRel|x64.ActiveCfg = MinSizeRel|x64
		{E0059279-6364-3560-A406-871BB354AFB6}.MinSizeRel|x64.Build.0 = MinSizeRel|x64
		{E0059279-6364-3560-A406-871BB354AFB6}.RelWithDebInfo|x64.ActiveCfg = RelWithDebInfo|x64
		{E0059279-6364-3560-A406-871BB354AFB6}.RelWithDebInfo|x64.Build.0 = RelWithDebInfo|x64
		{5EA327C8-53CD-390A-904A-95AFFC9B5604}.Debug|x64.ActiveCfg = Debug|x64
		{5EA327C8-53CD-390A-904A-95AFFC9B5604}.Debug|x64.Build.0 = Debug|x64
		{5EA327C8-53CD-390A-904A-95AFFC9B5604}.Release|x64.ActiveCfg = Release|x64
		{5EA327C8-53CD-390A-904A-95AFFC9B5604}.Release|x64.Build.0 = Release|x64
		{5EA327C8-53CD-390A-904A-95AFFC9B5604}.MinSizeRel|x64.ActiveCfg = MinSizeRel|x64
		{5EA327C8-53CD-390A-904A-95AFFC9B5604}.MinSizeRel|x64.Build.0 = MinSizeRel|x64
		{5EA327C8-53CD-390A-904A-95AFFC9B5604}.RelWithDebInfo|x64.ActiveCfg = RelWithDebInfo|x64
		{5EA327C8-53CD-390A-904A-95AFFC9B5604}.RelWithDebInfo|x64.Build.0 = RelWithDebInfo|x64
		{AA6F83AB-1770-3AAB-9FB8-ED28721BAB74}.Debug|x64.ActiveCfg = Debug|x64
		{AA6F83AB-1770-3AAB-9FB8-ED28721BAB74}.Debug|x64.Build.0 = Debug|x64
		{AA6F83AB-1770-3AAB-9FB8-ED28721BAB74}.Release|x64.ActiveCfg = Release|x64
		{AA6F83AB-1770-3AAB-9FB8-ED28721BAB74}.Release|x64.Build.0 = Release|x64
		{AA6F83AB-1770-3AAB-9FB8-ED28721BAB74}.MinSizeRel|x64.ActiveCfg = MinSizeRel|x64
		{AA6F83AB-1770-3AAB-9FB8-ED28721BAB74}.MinSizeRel|x64.Build.0 = MinSizeRel|x64
		{AA6F83AB-1770-3AAB-9FB8-ED28721BAB74}.RelWithDebInfo|x64.ActiveCfg = RelWithDebInfo|x64
		{AA6F83AB-1770-3AAB-9FB8-ED28721BAB74}.RelWithDebInfo|x64.Build.0 = RelWithDebInfo|x64
	EndGlobalSection
	GlobalSection(ExtensibilityGlobals) = postSolution
		SolutionGuid = {BF2D92FD-DE2F-3CF6-A0FD-0F659B71C067}
	EndGlobalSection
	GlobalSection(ExtensibilityAddIns) = postSolution
	EndGlobalSection
EndGlobal
