
Microsoft Visual Studio Solution File, Format Version 12.00
# Visual Studio Version 16
Project("{8BC9CEB8-8B4A-11D0-8D11-00A0C91BC942}") = "ALL_BUILD", "ALL_BUILD.vcxproj", "{67E2039A-EC46-3810-8500-BB3ED0D6F4CC}"
	ProjectSection(ProjectDependencies) = postProject
		{EEA0A677-C037-3C82-AE22-8750910EEAC8} = {EEA0A677-C037-3C82-AE22-8750910EEAC8}
		{FCBB1E91-A3EB-374A-B3FC-D8704A41412B} = {FCBB1E91-A3EB-374A-B3FC-D8704A41412B}
		{5EA58A3E-4253-3749-9FFD-F319776624A2} = {5EA58A3E-4253-3749-9FFD-F319776624A2}
		{ED7B95BE-A6E6-3D9E-9D6F-530F7E9A2D03} = {ED7B95BE-A6E6-3D9E-9D6F-530F7E9A2D03}
		{8E8251BD-E974-3758-B593-FBC37A6F62D0} = {8E8251BD-E974-3758-B593-FBC37A6F62D0}
		{9FD7B271-1CA8-33CA-8EE5-AE53F5DF93EA} = {9FD7B271-1CA8-33CA-8EE5-AE53F5DF93EA}
		{09F9E066-58D6-32D6-B665-D985419BC030} = {09F9E066-58D6-32D6-B665-D985419BC030}
		{759CC642-58AD-3272-B96F-0EC3AFBDAB45} = {759CC642-58AD-3272-B96F-0EC3AFBDAB45}
		{9F3AAFFF-9CBF-32DD-9F41-12AE6C6153EA} = {9F3AAFFF-9CBF-32DD-9F41-12AE6C6153EA}
		{FBF0AA2A-09DE-3F0F-95E5-1F903B137175} = {FBF0AA2A-09DE-3F0F-95E5-1F903B137175}
		{B0F9F9D5-91D8-330F-A0BC-3B8B41D94580} = {B0F9F9D5-91D8-330F-A0BC-3B8B41D94580}
		{1B351885-FCB0-3756-AD09-FC935026D4EC} = {1B351885-FCB0-3756-AD09-FC935026D4EC}
		{9DA4BA3C-64CE-3BD0-98B3-76CDB600E62A} = {9DA4BA3C-64CE-3BD0-98B3-76CDB600E62A}
		{CA4BEB31-2AE8-3931-9776-E5AA555ABD90} = {CA4BEB31-2AE8-3931-9776-E5AA555ABD90}
		{D199B63D-2E4A-3C67-B44F-B3213493495E} = {D199B63D-2E4A-3C67-B44F-B3213493495E}
		{1B7321E2-AE3A-345D-AD0C-D2B28D2193D9} = {1B7321E2-AE3A-345D-AD0C-D2B28D2193D9}
		{405C19A7-1BA8-385F-A203-AD31C978E0B3} = {405C19A7-1BA8-385F-A203-AD31C978E0B3}
		{F3AB36A8-0A7A-34ED-B28E-CC565B2D2C82} = {F3AB36A8-0A7A-34ED-B28E-CC565B2D2C82}
		{5B202824-56F5-37D7-ACB8-8A51AAC230E8} = {5B202824-56F5-37D7-ACB8-8A51AAC230E8}
		{1D38A93C-9F05-3002-9420-89CE122D8763} = {1D38A93C-9F05-3002-9420-89CE122D8763}
		{51CAB664-FBA9-3685-9873-E0770EC6FCF4} = {51CAB664-FBA9-3685-9873-E0770EC6FCF4}
		{6DA08B4E-FC76-3512-A373-C93EE2226DCD} = {6DA08B4E-FC76-3512-A373-C93EE2226DCD}
		{411BBB4C-7E8A-3CCD-B3E3-28EF5A102A5A} = {411BBB4C-7E8A-3CCD-B3E3-28EF5A102A5A}
		{8ABD949F-8395-36C6-B0E7-EA54A990BAF0} = {8ABD949F-8395-36C6-B0E7-EA54A990BAF0}
		{B6E87CE2-B4F9-3359-B847-4520F956D6A6} = {B6E87CE2-B4F9-3359-B847-4520F956D6A6}
		{8E46B72A-C7F7-38ED-8472-FAC1A7EA8213} = {8E46B72A-C7F7-38ED-8472-FAC1A7EA8213}
		{211FFE54-08E0-3A10-A5D0-BEB319291C0E} = {211FFE54-08E0-3A10-A5D0-BEB319291C0E}
		{780F930C-40AB-3064-9AC1-7883541381B1} = {780F930C-40AB-3064-9AC1-7883541381B1}
		{7496336D-A486-32A5-8CD3-12930B2D1091} = {7496336D-A486-32A5-8CD3-12930B2D1091}
		{8FC0AB9E-8868-3368-876F-71E51D17AFED} = {8FC0AB9E-8868-3368-876F-71E51D17AFED}
		{9EACC7E3-B9BC-3496-AF70-42F20E1EFBD1} = {9EACC7E3-B9BC-3496-AF70-42F20E1EFBD1}
		{91103571-7450-31A9-A04C-F019829B8473} = {91103571-7450-31A9-A04C-F019829B8473}
		{86EBF8BB-450B-3C96-A60E-9FE52AD60B09} = {86EBF8BB-450B-3C96-A60E-9FE52AD60B09}
	EndProjectSection
EndProject
Project("{8BC9CEB8-8B4A-11D0-8D11-00A0C91BC942}") = "INSTALL", "INSTALL.vcxproj", "{9AEA749E-85F4-3D1D-8CEC-17CA9F491EFD}"
	ProjectSection(ProjectDependencies) = postProject
		{67E2039A-EC46-3810-8500-BB3ED0D6F4CC} = {67E2039A-EC46-3810-8500-BB3ED0D6F4CC}
		{EEA0A677-C037-3C82-AE22-8750910EEAC8} = {EEA0A677-C037-3C82-AE22-8750910EEAC8}
	EndProjectSection
EndProject
Project("{8BC9CEB8-8B4A-11D0-8D11-00A0C91BC942}") = "ZERO_CHECK", "ZERO_CHECK.vcxproj", "{EEA0A677-C037-3C82-AE22-8750910EEAC8}"
	ProjectSection(ProjectDependencies) = postProject
	EndProjectSection
EndProject
Project("{8BC9CEB8-8B4A-11D0-8D11-00A0C91BC942}") = "alpha", "alpha.vcxproj", "{FCBB1E91-A3EB-374A-B3FC-D8704A41412B}"
	ProjectSection(ProjectDependencies) = postProject
		{EEA0A677-C037-3C82-AE22-8750910EEAC8} = {EEA0A677-C037-3C82-AE22-8750910EEAC8}
		{1D38A93C-9F05-3002-9420-89CE122D8763} = {1D38A93C-9F05-3002-9420-89CE122D8763}
	EndProjectSection
EndProject
Project("{8BC9CEB8-8B4A-11D0-8D11-00A0C91BC942}") = "bitblt", "bitblt.vcxproj", "{5EA58A3E-4253-3749-9FFD-F319776624A2}"
	ProjectSection(ProjectDependencies) = postProject
		{EEA0A677-C037-3C82-AE22-8750910EEAC8} = {EEA0A677-C037-3C82-AE22-8750910EEAC8}
		{1D38A93C-9F05-3002-9420-89CE122D8763} = {1D38A93C-9F05-3002-9420-89CE122D8763}
	EndProjectSection
EndProject
Project("{8BC9CEB8-8B4A-11D0-8D11-00A0C91BC942}") = "blur", "blur.vcxproj", "{ED7B95BE-A6E6-3D9E-9D6F-530F7E9A2D03}"
	ProjectSection(ProjectDependencies) = postProject
		{EEA0A677-C037-3C82-AE22-8750910EEAC8} = {EEA0A677-C037-3C82-AE22-8750910EEAC8}
		{1D38A93C-9F05-3002-9420-89CE122D8763} = {1D38A93C-9F05-3002-9420-89CE122D8763}
	EndProjectSection
EndProject
Project("{8BC9CEB8-8B4A-11D0-8D11-00A0C91BC942}") = "clip", "clip.vcxproj", "{8E8251BD-E974-3758-B593-FBC37A6F62D0}"
	ProjectSection(ProjectDependencies) = postProject
		{EEA0A677-C037-3C82-AE22-8750910EEAC8} = {EEA0A677-C037-3C82-AE22-8750910EEAC8}
		{1D38A93C-9F05-3002-9420-89CE122D8763} = {1D38A93C-9F05-3002-9420-89CE122D8763}
	EndProjectSection
EndProject
Project("{8BC9CEB8-8B4A-11D0-8D11-00A0C91BC942}") = "clock", "clock.vcxproj", "{9FD7B271-1CA8-33CA-8EE5-AE53F5DF93EA}"
	ProjectSection(ProjectDependencies) = postProject
		{EEA0A677-C037-3C82-AE22-8750910EEAC8} = {EEA0A677-C037-3C82-AE22-8750910EEAC8}
		{1D38A93C-9F05-3002-9420-89CE122D8763} = {1D38A93C-9F05-3002-9420-89CE122D8763}
	EndProjectSection
EndProject
Project("{8BC9CEB8-8B4A-11D0-8D11-00A0C91BC942}") = "composite", "composite.vcxproj", "{09F9E066-58D6-32D6-B665-D985419BC030}"
	ProjectSection(ProjectDependencies) = postProject
		{EEA0A677-C037-3C82-AE22-8750910EEAC8} = {EEA0A677-C037-3C82-AE22-8750910EEAC8}
		{1D38A93C-9F05-3002-9420-89CE122D8763} = {1D38A93C-9F05-3002-9420-89CE122D8763}
	EndProjectSection
EndProject
Project("{8BC9CEB8-8B4A-11D0-8D11-00A0C91BC942}") = "flowers", "flowers.vcxproj", "{759CC642-58AD-3272-B96F-0EC3AFBDAB45}"
	ProjectSection(ProjectDependencies) = postProject
		{EEA0A677-C037-3C82-AE22-8750910EEAC8} = {EEA0A677-C037-3C82-AE22-8750910EEAC8}
		{1D38A93C-9F05-3002-9420-89CE122D8763} = {1D38A93C-9F05-3002-9420-89CE122D8763}
	EndProjectSection
EndProject
Project("{8BC9CEB8-8B4A-11D0-8D11-00A0C91BC942}") = "gamma", "gamma.vcxproj", "{9F3AAFFF-9CBF-32DD-9F41-12AE6C6153EA}"
	ProjectSection(ProjectDependencies) = postProject
		{EEA0A677-C037-3C82-AE22-8750910EEAC8} = {EEA0A677-C037-3C82-AE22-8750910EEAC8}
		{1D38A93C-9F05-3002-9420-89CE122D8763} = {1D38A93C-9F05-3002-9420-89CE122D8763}
	EndProjectSection
EndProject
Project("{8BC9CEB8-8B4A-11D0-8D11-00A0C91BC942}") = "gcstate", "gcstate.vcxproj", "{FBF0AA2A-09DE-3F0F-95E5-1F903B137175}"
	ProjectSection(ProjectDependencies) = postProject
		{EEA0A677-C037-3C82-AE22-8750910EEAC8} = {EEA0A677-C037-3C82-AE22-8750910EEAC8}
		{1D38A93C-9F05-3002-9420-89CE122D8763} = {1D38A93C-9F05-3002-9420-89CE122D8763}
	EndProjectSection
EndProject
Project("{8BC9CEB8-8B4A-11D0-8D11-00A0C91BC942}") = "gif", "gif.vcxproj", "{B0F9F9D5-91D8-330F-A0BC-3B8B41D94580}"
	ProjectSection(ProjectDependencies) = postProject
		{EEA0A677-C037-3C82-AE22-8750910EEAC8} = {EEA0A677-C037-3C82-AE22-8750910EEAC8}
	EndProjectSection
EndProject
Project("{8BC9CEB8-8B4A-11D0-8D11-00A0C91BC942}") = "gradient", "gradient.vcxproj", "{1B351885-FCB0-3756-AD09-FC935026D4EC}"
	ProjectSection(ProjectDependencies) = postProject
		{EEA0A677-C037-3C82-AE22-8750910EEAC8} = {EEA0A677-C037-3C82-AE22-8750910EEAC8}
		{1D38A93C-9F05-3002-9420-89CE122D8763} = {1D38A93C-9F05-3002-9420-89CE122D8763}
	EndProjectSection
EndProject
Project("{8BC9CEB8-8B4A-11D0-8D11-00A0C91BC942}") = "image_info", "image_info.vcxproj", "{9DA4BA3C-64CE-3BD0-98B3-76CDB600E62A}"
	ProjectSection(ProjectDependencies) = postProject
		{EEA0A677-C037-3C82-AE22-8750910EEAC8} = {EEA0A677-C037-3C82-AE22-8750910EEAC8}
		{1D38A93C-9F05-3002-9420-89CE122D8763} = {1D38A93C-9F05-3002-9420-89CE122D8763}
		{6DA08B4E-FC76-3512-A373-C93EE2226DCD} = {6DA08B4E-FC76-3512-A373-C93EE2226DCD}
	EndProjectSection
EndProject
Project("{8BC9CEB8-8B4A-11D0-8D11-00A0C91BC942}") = "image_view", "image_view.vcxproj", "{CA4BEB31-2AE8-3931-9776-E5AA555ABD90}"
	ProjectSection(ProjectDependencies) = postProject
		{EEA0A677-C037-3C82-AE22-8750910EEAC8} = {EEA0A677-C037-3C82-AE22-8750910EEAC8}
		{1D38A93C-9F05-3002-9420-89CE122D8763} = {1D38A93C-9F05-3002-9420-89CE122D8763}
		{6DA08B4E-FC76-3512-A373-C93EE2226DCD} = {6DA08B4E-FC76-3512-A373-C93EE2226DCD}
	EndProjectSection
EndProject
Project("{8BC9CEB8-8B4A-11D0-8D11-00A0C91BC942}") = "jpeg", "jpeg.vcxproj", "{D199B63D-2E4A-3C67-B44F-B3213493495E}"
	ProjectSection(ProjectDependencies) = postProject
		{EEA0A677-C037-3C82-AE22-8750910EEAC8} = {EEA0A677-C037-3C82-AE22-8750910EEAC8}
	EndProjectSection
EndProject
Project("{8BC9CEB8-8B4A-11D0-8D11-00A0C91BC942}") = "mask", "mask.vcxproj", "{1B7321E2-AE3A-345D-AD0C-D2B28D2193D9}"
	ProjectSection(ProjectDependencies) = postProject
		{EEA0A677-C037-3C82-AE22-8750910EEAC8} = {EEA0A677-C037-3C82-AE22-8750910EEAC8}
		{1D38A93C-9F05-3002-9420-89CE122D8763} = {1D38A93C-9F05-3002-9420-89CE122D8763}
	EndProjectSection
EndProject
Project("{8BC9CEB8-8B4A-11D0-8D11-00A0C91BC942}") = "part", "part.vcxproj", "{405C19A7-1BA8-385F-A203-AD31C978E0B3}"
	ProjectSection(ProjectDependencies) = postProject
		{EEA0A677-C037-3C82-AE22-8750910EEAC8} = {EEA0A677-C037-3C82-AE22-8750910EEAC8}
		{1D38A93C-9F05-3002-9420-89CE122D8763} = {1D38A93C-9F05-3002-9420-89CE122D8763}
	EndProjectSection
EndProject
Project("{8BC9CEB8-8B4A-11D0-8D11-00A0C91BC942}") = "path", "path.vcxproj", "{F3AB36A8-0A7A-34ED-B28E-CC565B2D2C82}"
	ProjectSection(ProjectDependencies) = postProject
		{EEA0A677-C037-3C82-AE22-8750910EEAC8} = {EEA0A677-C037-3C82-AE22-8750910EEAC8}
		{1D38A93C-9F05-3002-9420-89CE122D8763} = {1D38A93C-9F05-3002-9420-89CE122D8763}
	EndProjectSection
EndProject
Project("{8BC9CEB8-8B4A-11D0-8D11-00A0C91BC942}") = "pattern", "pattern.vcxproj", "{5B202824-56F5-37D7-ACB8-8A51AAC230E8}"
	ProjectSection(ProjectDependencies) = postProject
		{EEA0A677-C037-3C82-AE22-8750910EEAC8} = {EEA0A677-C037-3C82-AE22-8750910EEAC8}
		{1D38A93C-9F05-3002-9420-89CE122D8763} = {1D38A93C-9F05-3002-9420-89CE122D8763}
	EndProjectSection
EndProject
Project("{8BC9CEB8-8B4A-11D0-8D11-00A0C91BC942}") = "picasso2_sw", "picasso2_sw.vcxproj", "{1D38A93C-9F05-3002-9420-89CE122D8763}"
	ProjectSection(ProjectDependencies) = postProject
		{EEA0A677-C037-3C82-AE22-8750910EEAC8} = {EEA0A677-C037-3C82-AE22-8750910EEAC8}
	EndProjectSection
EndProject
Project("{8BC9CEB8-8B4A-11D0-8D11-00A0C91BC942}") = "png", "png.vcxproj", "{51CAB664-FBA9-3685-9873-E0770EC6FCF4}"
	ProjectSection(ProjectDependencies) = postProject
		{EEA0A677-C037-3C82-AE22-8750910EEAC8} = {EEA0A677-C037-3C82-AE22-8750910EEAC8}
		{86EBF8BB-450B-3C96-A60E-9FE52AD60B09} = {86EBF8BB-450B-3C96-A60E-9FE52AD60B09}
	EndProjectSection
EndProject
Project("{8BC9CEB8-8B4A-11D0-8D11-00A0C91BC942}") = "psx_image", "psx_image.vcxproj", "{6DA08B4E-FC76-3512-A373-C93EE2226DCD}"
	ProjectSection(ProjectDependencies) = postProject
		{EEA0A677-C037-3C82-AE22-8750910EEAC8} = {EEA0A677-C037-3C82-AE22-8750910EEAC8}
		{1D38A93C-9F05-3002-9420-89CE122D8763} = {1D38A93C-9F05-3002-9420-89CE122D8763}
	EndProjectSection
EndProject
Project("{8BC9CEB8-8B4A-11D0-8D11-00A0C91BC942}") = "psxm_image_gif", "psxm_image_gif.vcxproj", "{411BBB4C-7E8A-3CCD-B3E3-28EF5A102A5A}"
	ProjectSection(ProjectDependencies) = postProject
		{EEA0A677-C037-3C82-AE22-8750910EEAC8} = {EEA0A677-C037-3C82-AE22-8750910EEAC8}
		{B0F9F9D5-91D8-330F-A0BC-3B8B41D94580} = {B0F9F9D5-91D8-330F-A0BC-3B8B41D94580}
	EndProjectSection
EndProject
Project("{8BC9CEB8-8B4A-11D0-8D11-00A0C91BC942}") = "psxm_image_jpeg", "psxm_image_jpeg.vcxproj", "{8ABD949F-8395-36C6-B0E7-EA54A990BAF0}"
	ProjectSection(ProjectDependencies) = postProject
		{EEA0A677-C037-3C82-AE22-8750910EEAC8} = {EEA0A677-C037-3C82-AE22-8750910EEAC8}
		{D199B63D-2E4A-3C67-B44F-B3213493495E} = {D199B63D-2E4A-3C67-B44F-B3213493495E}
	EndProjectSection
EndProject
Project("{8BC9CEB8-8B4A-11D0-8D11-00A0C91BC942}") = "psxm_image_png", "psxm_image_png.vcxproj", "{B6E87CE2-B4F9-3359-B847-4520F956D6A6}"
	ProjectSection(ProjectDependencies) = postProject
		{EEA0A677-C037-3C82-AE22-8750910EEAC8} = {EEA0A677-C037-3C82-AE22-8750910EEAC8}
		{51CAB664-FBA9-3685-9873-E0770EC6FCF4} = {51CAB664-FBA9-3685-9873-E0770EC6FCF4}
	EndProjectSection
EndProject
Project("{8BC9CEB8-8B4A-11D0-8D11-00A0C91BC942}") = "psxm_image_webp", "psxm_image_webp.vcxproj", "{8E46B72A-C7F7-38ED-8472-FAC1A7EA8213}"
	ProjectSection(ProjectDependencies) = postProject
		{EEA0A677-C037-3C82-AE22-8750910EEAC8} = {EEA0A677-C037-3C82-AE22-8750910EEAC8}
		{91103571-7450-31A9-A04C-F019829B8473} = {91103571-7450-31A9-A04C-F019829B8473}
	EndProjectSection
EndProject
Project("{8BC9CEB8-8B4A-11D0-8D11-00A0C91BC942}") = "shadow", "shadow.vcxproj", "{211FFE54-08E0-3A10-A5D0-BEB319291C0E}"
	ProjectSection(ProjectDependencies) = postProject
		{EEA0A677-C037-3C82-AE22-8750910EEAC8} = {EEA0A677-C037-3C82-AE22-8750910EEAC8}
		{1D38A93C-9F05-3002-9420-89CE122D8763} = {1D38A93C-9F05-3002-9420-89CE122D8763}
	EndProjectSection
EndProject
Project("{8BC9CEB8-8B4A-11D0-8D11-00A0C91BC942}") = "subwaymap", "subwaymap.vcxproj", "{780F930C-40AB-3064-9AC1-7883541381B1}"
	ProjectSection(ProjectDependencies) = postProject
		{EEA0A677-C037-3C82-AE22-8750910EEAC8} = {EEA0A677-C037-3C82-AE22-8750910EEAC8}
		{1D38A93C-9F05-3002-9420-89CE122D8763} = {1D38A93C-9F05-3002-9420-89CE122D8763}
	EndProjectSection
EndProject
Project("{8BC9CEB8-8B4A-11D0-8D11-00A0C91BC942}") = "text", "text.vcxproj", "{7496336D-A486-32A5-8CD3-12930B2D1091}"
	ProjectSection(ProjectDependencies) = postProject
		{EEA0A677-C037-3C82-AE22-8750910EEAC8} = {EEA0A677-C037-3C82-AE22-8750910EEAC8}
		{1D38A93C-9F05-3002-9420-89CE122D8763} = {1D38A93C-9F05-3002-9420-89CE122D8763}
	EndProjectSection
EndProject
Project("{8BC9CEB8-8B4A-11D0-8D11-00A0C91BC942}") = "thread", "thread.vcxproj", "{8FC0AB9E-8868-3368-876F-71E51D17AFED}"
	ProjectSection(ProjectDependencies) = postProject
		{EEA0A677-C037-3C82-AE22-8750910EEAC8} = {EEA0A677-C037-3C82-AE22-8750910EEAC8}
		{1D38A93C-9F05-3002-9420-89CE122D8763} = {1D38A93C-9F05-3002-9420-89CE122D8763}
	EndProjectSection
EndProject
Project("{8BC9CEB8-8B4A-11D0-8D11-00A0C91BC942}") = "tiger", "tiger.vcxproj", "{9EACC7E3-B9BC-3496-AF70-42F20E1EFBD1}"
	ProjectSection(ProjectDependencies) = postProject
		{EEA0A677-C037-3C82-AE22-8750910EEAC8} = {EEA0A677-C037-3C82-AE22-8750910EEAC8}
		{1D38A93C-9F05-3002-9420-89CE122D8763} = {1D38A93C-9F05-3002-9420-89CE122D8763}
	EndProjectSection
EndProject
Project("{8BC9CEB8-8B4A-11D0-8D11-00A0C91BC942}") = "webp", "webp.vcxproj", "{91103571-7450-31A9-A04C-F019829B8473}"
	ProjectSection(ProjectDependencies) = postProject
		{EEA0A677-C037-3C82-AE22-8750910EEAC8} = {EEA0A677-C037-3C82-AE22-8750910EEAC8}
	EndProjectSection
EndProject
Project("{8BC9CEB8-8B4A-11D0-8D11-00A0C91BC942}") = "zlib", "zlib.vcxproj", "{86EBF8BB-450B-3C96-A60E-9FE52AD60B09}"
	ProjectSection(ProjectDependencies) = postProject
		{EEA0A677-C037-3C82-AE22-8750910EEAC8} = {EEA0A677-C037-3C82-AE22-8750910EEAC8}
	EndProjectSection
EndProject
Global
	GlobalSection(SolutionConfigurationPlatforms) = preSolution
		Debug|x64 = Debug|x64
		Release|x64 = Release|x64
		MinSizeRel|x64 = MinSizeRel|x64
		RelWithDebInfo|x64 = RelWithDebInfo|x64
	EndGlobalSection
	GlobalSection(ProjectConfigurationPlatforms) = postSolution
		{67E2039A-EC46-3810-8500-BB3ED0D6F4CC}.Debug|x64.ActiveCfg = Debug|x64
		{67E2039A-EC46-3810-8500-BB3ED0D6F4CC}.Debug|x64.Build.0 = Debug|x64
		{67E2039A-EC46-3810-8500-BB3ED0D6F4CC}.Release|x64.ActiveCfg = Release|x64
		{67E2039A-EC46-3810-8500-BB3ED0D6F4CC}.Release|x64.Build.0 = Release|x64
		{67E2039A-EC46-3810-8500-BB3ED0D6F4CC}.MinSizeRel|x64.ActiveCfg = MinSizeRel|x64
		{67E2039A-EC46-3810-8500-BB3ED0D6F4CC}.MinSizeRel|x64.Build.0 = MinSizeRel|x64
		{67E2039A-EC46-3810-8500-BB3ED0D6F4CC}.RelWithDebInfo|x64.ActiveCfg = RelWithDebInfo|x64
		{67E2039A-EC46-3810-8500-BB3ED0D6F4CC}.RelWithDebInfo|x64.Build.0 = RelWithDebInfo|x64
		{9AEA749E-85F4-3D1D-8CEC-17CA9F491EFD}.Debug|x64.ActiveCfg = Debug|x64
		{9AEA749E-85F4-3D1D-8CEC-17CA9F491EFD}.Release|x64.ActiveCfg = Release|x64
		{9AEA749E-85F4-3D1D-8CEC-17CA9F491EFD}.MinSizeRel|x64.ActiveCfg = MinSizeRel|x64
		{9AEA749E-85F4-3D1D-8CEC-17CA9F491EFD}.RelWithDebInfo|x64.ActiveCfg = RelWithDebInfo|x64
		{EEA0A677-C037-3C82-AE22-8750910EEAC8}.Debug|x64.ActiveCfg = Debug|x64
		{EEA0A677-C037-3C82-AE22-8750910EEAC8}.Debug|x64.Build.0 = Debug|x64
		{EEA0A677-C037-3C82-AE22-8750910EEAC8}.Release|x64.ActiveCfg = Release|x64
		{EEA0A677-C037-3C82-AE22-8750910EEAC8}.Release|x64.Build.0 = Release|x64
		{EEA0A677-C037-3C82-AE22-8750910EEAC8}.MinSizeRel|x64.ActiveCfg = MinSizeRel|x64
		{EEA0A677-C037-3C82-AE22-8750910EEAC8}.MinSizeRel|x64.Build.0 = MinSizeRel|x64
		{EEA0A677-C037-3C82-AE22-8750910EEAC8}.RelWithDebInfo|x64.ActiveCfg = RelWithDebInfo|x64
		{EEA0A677-C037-3C82-AE22-8750910EEAC8}.RelWithDebInfo|x64.Build.0 = RelWithDebInfo|x64
		{FCBB1E91-A3EB-374A-B3FC-D8704A41412B}.Debug|x64.ActiveCfg = Debug|x64
		{FCBB1E91-A3EB-374A-B3FC-D8704A41412B}.Debug|x64.Build.0 = Debug|x64
		{FCBB1E91-A3EB-374A-B3FC-D8704A41412B}.Release|x64.ActiveCfg = Release|x64
		{FCBB1E91-A3EB-374A-B3FC-D8704A41412B}.Release|x64.Build.0 = Release|x64
		{FCBB1E91-A3EB-374A-B3FC-D8704A41412B}.MinSizeRel|x64.ActiveCfg = MinSizeRel|x64
		{FCBB1E91-A3EB-374A-B3FC-D8704A41412B}.MinSizeRel|x64.Build.0 = MinSizeRel|x64
		{FCBB1E91-A3EB-374A-B3FC-D8704A41412B}.RelWithDebInfo|x64.ActiveCfg = RelWithDebInfo|x64
		{FCBB1E91-A3EB-374A-B3FC-D8704A41412B}.RelWithDebInfo|x64.Build.0 = RelWithDebInfo|x64
		{5EA58A3E-4253-3749-9FFD-F319776624A2}.Debug|x64.ActiveCfg = Debug|x64
		{5EA58A3E-4253-3749-9FFD-F319776624A2}.Debug|x64.Build.0 = Debug|x64
		{5EA58A3E-4253-3749-9FFD-F319776624A2}.Release|x64.ActiveCfg = Release|x64
		{5EA58A3E-4253-3749-9FFD-F319776624A2}.Release|x64.Build.0 = Release|x64
		{5EA58A3E-4253-3749-9FFD-F319776624A2}.MinSizeRel|x64.ActiveCfg = MinSizeRel|x64
		{5EA58A3E-4253-3749-9FFD-F319776624A2}.MinSizeRel|x64.Build.0 = MinSizeRel|x64
		{5EA58A3E-4253-3749-9FFD-F319776624A2}.RelWithDebInfo|x64.ActiveCfg = RelWithDebInfo|x64
		{5EA58A3E-4253-3749-9FFD-F319776624A2}.RelWithDebInfo|x64.Build.0 = RelWithDebInfo|x64
		{ED7B95BE-A6E6-3D9E-9D6F-530F7E9A2D03}.Debug|x64.ActiveCfg = Debug|x64
		{ED7B95BE-A6E6-3D9E-9D6F-530F7E9A2D03}.Debug|x64.Build.0 = Debug|x64
		{ED7B95BE-A6E6-3D9E-9D6F-530F7E9A2D03}.Release|x64.ActiveCfg = Release|x64
		{ED7B95BE-A6E6-3D9E-9D6F-530F7E9A2D03}.Release|x64.Build.0 = Release|x64
		{ED7B95BE-A6E6-3D9E-9D6F-530F7E9A2D03}.MinSizeRel|x64.ActiveCfg = MinSizeRel|x64
		{ED7B95BE-A6E6-3D9E-9D6F-530F7E9A2D03}.MinSizeRel|x64.Build.0 = MinSizeRel|x64
		{ED7B95BE-A6E6-3D9E-9D6F-530F7E9A2D03}.RelWithDebInfo|x64.ActiveCfg = RelWithDebInfo|x64
		{ED7B95BE-A6E6-3D9E-9D6F-530F7E9A2D03}.RelWithDebInfo|x64.Build.0 = RelWithDebInfo|x64
		{8E8251BD-E974-3758-B593-FBC37A6F62D0}.Debug|x64.ActiveCfg = Debug|x64
		{8E8251BD-E974-3758-B593-FBC37A6F62D0}.Debug|x64.Build.0 = Debug|x64
		{8E8251BD-E974-3758-B593-FBC37A6F62D0}.Release|x64.ActiveCfg = Release|x64
		{8E8251BD-E974-3758-B593-FBC37A6F62D0}.Release|x64.Build.0 = Release|x64
		{8E8251BD-E974-3758-B593-FBC37A6F62D0}.MinSizeRel|x64.ActiveCfg = MinSizeRel|x64
		{8E8251BD-E974-3758-B593-FBC37A6F62D0}.MinSizeRel|x64.Build.0 = MinSizeRel|x64
		{8E8251BD-E974-3758-B593-FBC37A6F62D0}.RelWithDebInfo|x64.ActiveCfg = RelWithDebInfo|x64
		{8E8251BD-E974-3758-B593-FBC37A6F62D0}.RelWithDebInfo|x64.Build.0 = RelWithDebInfo|x64
		{9FD7B271-1CA8-33CA-8EE5-AE53F5DF93EA}.Debug|x64.ActiveCfg = Debug|x64
		{9FD7B271-1CA8-33CA-8EE5-AE53F5DF93EA}.Debug|x64.Build.0 = Debug|x64
		{9FD7B271-1CA8-33CA-8EE5-AE53F5DF93EA}.Release|x64.ActiveCfg = Release|x64
		{9FD7B271-1CA8-33CA-8EE5-AE53F5DF93EA}.Release|x64.Build.0 = Release|x64
		{9FD7B271-1CA8-33CA-8EE5-AE53F5DF93EA}.MinSizeRel|x64.ActiveCfg = MinSizeRel|x64
		{9FD7B271-1CA8-33CA-8EE5-AE53F5DF93EA}.MinSizeRel|x64.Build.0 = MinSizeRel|x64
		{9FD7B271-1CA8-33CA-8EE5-AE53F5DF93EA}.RelWithDebInfo|x64.ActiveCfg = RelWithDebInfo|x64
		{9FD7B271-1CA8-33CA-8EE5-AE53F5DF93EA}.RelWithDebInfo|x64.Build.0 = RelWithDebInfo|x64
		{09F9E066-58D6-32D6-B665-D985419BC030}.Debug|x64.ActiveCfg = Debug|x64
		{09F9E066-58D6-32D6-B665-D985419BC030}.Debug|x64.Build.0 = Debug|x64
		{09F9E066-58D6-32D6-B665-D985419BC030}.Release|x64.ActiveCfg = Release|x64
		{09F9E066-58D6-32D6-B665-D985419BC030}.Release|x64.Build.0 = Release|x64
		{09F9E066-58D6-32D6-B665-D985419BC030}.MinSizeRel|x64.ActiveCfg = MinSizeRel|x64
		{09F9E066-58D6-32D6-B665-D985419BC030}.MinSizeRel|x64.Build.0 = MinSizeRel|x64
		{09F9E066-58D6-32D6-B665-D985419BC030}.RelWithDebInfo|x64.ActiveCfg = RelWithDebInfo|x64
		{09F9E066-58D6-32D6-B665-D985419BC030}.RelWithDebInfo|x64.Build.0 = RelWithDebInfo|x64
		{759CC642-58AD-3272-B96F-0EC3AFBDAB45}.Debug|x64.ActiveCfg = Debug|x64
		{759CC642-58AD-3272-B96F-0EC3AFBDAB45}.Debug|x64.Build.0 = Debug|x64
		{759CC642-58AD-3272-B96F-0EC3AFBDAB45}.Release|x64.ActiveCfg = Release|x64
		{759CC642-58AD-3272-B96F-0EC3AFBDAB45}.Release|x64.Build.0 = Release|x64
		{759CC642-58AD-3272-B96F-0EC3AFBDAB45}.MinSizeRel|x64.ActiveCfg = MinSizeRel|x64
		{759CC642-58AD-3272-B96F-0EC3AFBDAB45}.MinSizeRel|x64.Build.0 = MinSizeRel|x64
		{759CC642-58AD-3272-B96F-0EC3AFBDAB45}.RelWithDebInfo|x64.ActiveCfg = RelWithDebInfo|x64
		{759CC642-58AD-3272-B96F-0EC3AFBDAB45}.RelWithDebInfo|x64.Build.0 = RelWithDebInfo|x64
		{9F3AAFFF-9CBF-32DD-9F41-12AE6C6153EA}.Debug|x64.ActiveCfg = Debug|x64
		{9F3AAFFF-9CBF-32DD-9F41-12AE6C6153EA}.Debug|x64.Build.0 = Debug|x64
		{9F3AAFFF-9CBF-32DD-9F41-12AE6C6153EA}.Release|x64.ActiveCfg = Release|x64
		{9F3AAFFF-9CBF-32DD-9F41-12AE6C6153EA}.Release|x64.Build.0 = Release|x64
		{9F3AAFFF-9CBF-32DD-9F41-12AE6C6153EA}.MinSizeRel|x64.ActiveCfg = MinSizeRel|x64
		{9F3AAFFF-9CBF-32DD-9F41-12AE6C6153EA}.MinSizeRel|x64.Build.0 = MinSizeRel|x64
		{9F3AAFFF-9CBF-32DD-9F41-12AE6C6153EA}.RelWithDebInfo|x64.ActiveCfg = RelWithDebInfo|x64
		{9F3AAFFF-9CBF-32DD-9F41-12AE6C6153EA}.RelWithDebInfo|x64.Build.0 = RelWithDebInfo|x64
		{FBF0AA2A-09DE-3F0F-95E5-1F903B137175}.Debug|x64.ActiveCfg = Debug|x64
		{FBF0AA2A-09DE-3F0F-95E5-1F903B137175}.Debug|x64.Build.0 = Debug|x64
		{FBF0AA2A-09DE-3F0F-95E5-1F903B137175}.Release|x64.ActiveCfg = Release|x64
		{FBF0AA2A-09DE-3F0F-95E5-1F903B137175}.Release|x64.Build.0 = Release|x64
		{FBF0AA2A-09DE-3F0F-95E5-1F903B137175}.MinSizeRel|x64.ActiveCfg = MinSizeRel|x64
		{FBF0AA2A-09DE-3F0F-95E5-1F903B137175}.MinSizeRel|x64.Build.0 = MinSizeRel|x64
		{FBF0AA2A-09DE-3F0F-95E5-1F903B137175}.RelWithDebInfo|x64.ActiveCfg = RelWithDebInfo|x64
		{FBF0AA2A-09DE-3F0F-95E5-1F903B137175}.RelWithDebInfo|x64.Build.0 = RelWithDebInfo|x64
		{B0F9F9D5-91D8-330F-A0BC-3B8B41D94580}.Debug|x64.ActiveCfg = Debug|x64
		{B0F9F9D5-91D8-330F-A0BC-3B8B41D94580}.Debug|x64.Build.0 = Debug|x64
		{B0F9F9D5-91D8-330F-A0BC-3B8B41D94580}.Release|x64.ActiveCfg = Release|x64
		{B0F9F9D5-91D8-330F-A0BC-3B8B41D94580}.Release|x64.Build.0 = Release|x64
		{B0F9F9D5-91D8-330F-A0BC-3B8B41D94580}.MinSizeRel|x64.ActiveCfg = MinSizeRel|x64
		{B0F9F9D5-91D8-330F-A0BC-3B8B41D94580}.MinSizeRel|x64.Build.0 = MinSizeRel|x64
		{B0F9F9D5-91D8-330F-A0BC-3B8B41D94580}.RelWithDebInfo|x64.ActiveCfg = RelWithDebInfo|x64
		{B0F9F9D5-91D8-330F-A0BC-3B8B41D94580}.RelWithDebInfo|x64.Build.0 = RelWithDebInfo|x64
		{1B351885-FCB0-3756-AD09-FC935026D4EC}.Debug|x64.ActiveCfg = Debug|x64
		{1B351885-FCB0-3756-AD09-FC935026D4EC}.Debug|x64.Build.0 = Debug|x64
		{1B351885-FCB0-3756-AD09-FC935026D4EC}.Release|x64.ActiveCfg = Release|x64
		{1B351885-FCB0-3756-AD09-FC935026D4EC}.Release|x64.Build.0 = Release|x64
		{1B351885-FCB0-3756-AD09-FC935026D4EC}.MinSizeRel|x64.ActiveCfg = MinSizeRel|x64
		{1B351885-FCB0-3756-AD09-FC935026D4EC}.MinSizeRel|x64.Build.0 = MinSizeRel|x64
		{1B351885-FCB0-3756-AD09-FC935026D4EC}.RelWithDebInfo|x64.ActiveCfg = RelWithDebInfo|x64
		{1B351885-FCB0-3756-AD09-FC935026D4EC}.RelWithDebInfo|x64.Build.0 = RelWithDebInfo|x64
		{9DA4BA3C-64CE-3BD0-98B3-76CDB600E62A}.Debug|x64.ActiveCfg = Debug|x64
		{9DA4BA3C-64CE-3BD0-98B3-76CDB600E62A}.Debug|x64.Build.0 = Debug|x64
		{9DA4BA3C-64CE-3BD0-98B3-76CDB600E62A}.Release|x64.ActiveCfg = Release|x64
		{9DA4BA3C-64CE-3BD0-98B3-76CDB600E62A}.Release|x64.Build.0 = Release|x64
		{9DA4BA3C-64CE-3BD0-98B3-76CDB600E62A}.MinSizeRel|x64.ActiveCfg = MinSizeRel|x64
		{9DA4BA3C-64CE-3BD0-98B3-76CDB600E62A}.MinSizeRel|x64.Build.0 = MinSizeRel|x64
		{9DA4BA3C-64CE-3BD0-98B3-76CDB600E62A}.RelWithDebInfo|x64.ActiveCfg = RelWithDebInfo|x64
		{9DA4BA3C-64CE-3BD0-98B3-76CDB600E62A}.RelWithDebInfo|x64.Build.0 = RelWithDebInfo|x64
		{CA4BEB31-2AE8-3931-9776-E5AA555ABD90}.Debug|x64.ActiveCfg = Debug|x64
		{CA4BEB31-2AE8-3931-9776-E5AA555ABD90}.Debug|x64.Build.0 = Debug|x64
		{CA4BEB31-2AE8-3931-9776-E5AA555ABD90}.Release|x64.ActiveCfg = Release|x64
		{CA4BEB31-2AE8-3931-9776-E5AA555ABD90}.Release|x64.Build.0 = Release|x64
		{CA4BEB31-2AE8-3931-9776-E5AA555ABD90}.MinSizeRel|x64.ActiveCfg = MinSizeRel|x64
		{CA4BEB31-2AE8-3931-9776-E5AA555ABD90}.MinSizeRel|x64.Build.0 = MinSizeRel|x64
		{CA4BEB31-2AE8-3931-9776-E5AA555ABD90}.RelWithDebInfo|x64.ActiveCfg = RelWithDebInfo|x64
		{CA4BEB31-2AE8-3931-9776-E5AA555ABD90}.RelWithDebInfo|x64.Build.0 = RelWithDebInfo|x64
		{D199B63D-2E4A-3C67-B44F-B3213493495E}.Debug|x64.ActiveCfg = Debug|x64
		{D199B63D-2E4A-3C67-B44F-B3213493495E}.Debug|x64.Build.0 = Debug|x64
		{D199B63D-2E4A-3C67-B44F-B3213493495E}.Release|x64.ActiveCfg = Release|x64
		{D199B63D-2E4A-3C67-B44F-B3213493495E}.Release|x64.Build.0 = Release|x64
		{D199B63D-2E4A-3C67-B44F-B3213493495E}.MinSizeRel|x64.ActiveCfg = MinSizeRel|x64
		{D199B63D-2E4A-3C67-B44F-B3213493495E}.MinSizeRel|x64.Build.0 = MinSizeRel|x64
		{D199B63D-2E4A-3C67-B44F-B3213493495E}.RelWithDebInfo|x64.ActiveCfg = RelWithDebInfo|x64
		{D199B63D-2E4A-3C67-B44F-B3213493495E}.RelWithDebInfo|x64.Build.0 = RelWithDebInfo|x64
		{1B7321E2-AE3A-345D-AD0C-D2B28D2193D9}.Debug|x64.ActiveCfg = Debug|x64
		{1B7321E2-AE3A-345D-AD0C-D2B28D2193D9}.Debug|x64.Build.0 = Debug|x64
		{1B7321E2-AE3A-345D-AD0C-D2B28D2193D9}.Release|x64.ActiveCfg = Release|x64
		{1B7321E2-AE3A-345D-AD0C-D2B28D2193D9}.Release|x64.Build.0 = Release|x64
		{1B7321E2-AE3A-345D-AD0C-D2B28D2193D9}.MinSizeRel|x64.ActiveCfg = MinSizeRel|x64
		{1B7321E2-AE3A-345D-AD0C-D2B28D2193D9}.MinSizeRel|x64.Build.0 = MinSizeRel|x64
		{1B7321E2-AE3A-345D-AD0C-D2B28D2193D9}.RelWithDebInfo|x64.ActiveCfg = RelWithDebInfo|x64
		{1B7321E2-AE3A-345D-AD0C-D2B28D2193D9}.RelWithDebInfo|x64.Build.0 = RelWithDebInfo|x64
		{405C19A7-1BA8-385F-A203-AD31C978E0B3}.Debug|x64.ActiveCfg = Debug|x64
		{405C19A7-1BA8-385F-A203-AD31C978E0B3}.Debug|x64.Build.0 = Debug|x64
		{405C19A7-1BA8-385F-A203-AD31C978E0B3}.Release|x64.ActiveCfg = Release|x64
		{405C19A7-1BA8-385F-A203-AD31C978E0B3}.Release|x64.Build.0 = Release|x64
		{405C19A7-1BA8-385F-A203-AD31C978E0B3}.MinSizeRel|x64.ActiveCfg = MinSizeRel|x64
		{405C19A7-1BA8-385F-A203-AD31C978E0B3}.MinSizeRel|x64.Build.0 = MinSizeRel|x64
		{405C19A7-1BA8-385F-A203-AD31C978E0B3}.RelWithDebInfo|x64.ActiveCfg = RelWithDebInfo|x64
		{405C19A7-1BA8-385F-A203-AD31C978E0B3}.RelWithDebInfo|x64.Build.0 = RelWithDebInfo|x64
		{F3AB36A8-0A7A-34ED-B28E-CC565B2D2C82}.Debug|x64.ActiveCfg = Debug|x64
		{F3AB36A8-0A7A-34ED-B28E-CC565B2D2C82}.Debug|x64.Build.0 = Debug|x64
		{F3AB36A8-0A7A-34ED-B28E-CC565B2D2C82}.Release|x64.ActiveCfg = Release|x64
		{F3AB36A8-0A7A-34ED-B28E-CC565B2D2C82}.Release|x64.Build.0 = Release|x64
		{F3AB36A8-0A7A-34ED-B28E-CC565B2D2C82}.MinSizeRel|x64.ActiveCfg = MinSizeRel|x64
		{F3AB36A8-0A7A-34ED-B28E-CC565B2D2C82}.MinSizeRel|x64.Build.0 = MinSizeRel|x64
		{F3AB36A8-0A7A-34ED-B28E-CC565B2D2C82}.RelWithDebInfo|x64.ActiveCfg = RelWithDebInfo|x64
		{F3AB36A8-0A7A-34ED-B28E-CC565B2D2C82}.RelWithDebInfo|x64.Build.0 = RelWithDebInfo|x64
		{5B202824-56F5-37D7-ACB8-8A51AAC230E8}.Debug|x64.ActiveCfg = Debug|x64
		{5B202824-56F5-37D7-ACB8-8A51AAC230E8}.Debug|x64.Build.0 = Debug|x64
		{5B202824-56F5-37D7-ACB8-8A51AAC230E8}.Release|x64.ActiveCfg = Release|x64
		{5B202824-56F5-37D7-ACB8-8A51AAC230E8}.Release|x64.Build.0 = Release|x64
		{5B202824-56F5-37D7-ACB8-8A51AAC230E8}.MinSizeRel|x64.ActiveCfg = MinSizeRel|x64
		{5B202824-56F5-37D7-ACB8-8A51AAC230E8}.MinSizeRel|x64.Build.0 = MinSizeRel|x64
		{5B202824-56F5-37D7-ACB8-8A51AAC230E8}.RelWithDebInfo|x64.ActiveCfg = RelWithDebInfo|x64
		{5B202824-56F5-37D7-ACB8-8A51AAC230E8}.RelWithDebInfo|x64.Build.0 = RelWithDebInfo|x64
		{1D38A93C-9F05-3002-9420-89CE122D8763}.Debug|x64.ActiveCfg = Debug|x64
		{1D38A93C-9F05-3002-9420-89CE122D8763}.Debug|x64.Build.0 = Debug|x64
		{1D38A93C-9F05-3002-9420-89CE122D8763}.Release|x64.ActiveCfg = Release|x64
		{1D38A93C-9F05-3002-9420-89CE122D8763}.Release|x64.Build.0 = Release|x64
		{1D38A93C-9F05-3002-9420-89CE122D8763}.MinSizeRel|x64.ActiveCfg = MinSizeRel|x64
		{1D38A93C-9F05-3002-9420-89CE122D8763}.MinSizeRel|x64.Build.0 = MinSizeRel|x64
		{1D38A93C-9F05-3002-9420-89CE122D8763}.RelWithDebInfo|x64.ActiveCfg = RelWithDebInfo|x64
		{1D38A93C-9F05-3002-9420-89CE122D8763}.RelWithDebInfo|x64.Build.0 = RelWithDebInfo|x64
		{51CAB664-FBA9-3685-9873-E0770EC6FCF4}.Debug|x64.ActiveCfg = Debug|x64
		{51CAB664-FBA9-3685-9873-E0770EC6FCF4}.Debug|x64.Build.0 = Debug|x64
		{51CAB664-FBA9-3685-9873-E0770EC6FCF4}.Release|x64.ActiveCfg = Release|x64
		{51CAB664-FBA9-3685-9873-E0770EC6FCF4}.Release|x64.Build.0 = Release|x64
		{51CAB664-FBA9-3685-9873-E0770EC6FCF4}.MinSizeRel|x64.ActiveCfg = MinSizeRel|x64
		{51CAB664-FBA9-3685-9873-E0770EC6FCF4}.MinSizeRel|x64.Build.0 = MinSizeRel|x64
		{51CAB664-FBA9-3685-9873-E0770EC6FCF4}.RelWithDebInfo|x64.ActiveCfg = RelWithDebInfo|x64
		{51CAB664-FBA9-3685-9873-E0770EC6FCF4}.RelWithDebInfo|x64.Build.0 = RelWithDebInfo|x64
		{6DA08B4E-FC76-3512-A373-C93EE2226DCD}.Debug|x64.ActiveCfg = Debug|x64
		{6DA08B4E-FC76-3512-A373-C93EE2226DCD}.Debug|x64.Build.0 = Debug|x64
		{6DA08B4E-FC76-3512-A373-C93EE2226DCD}.Release|x64.ActiveCfg = Release|x64
		{6DA08B4E-FC76-3512-A373-C93EE2226DCD}.Release|x64.Build.0 = Release|x64
		{6DA08B4E-FC76-3512-A373-C93EE2226DCD}.MinSizeRel|x64.ActiveCfg = MinSizeRel|x64
		{6DA08B4E-FC76-3512-A373-C93EE2226DCD}.MinSizeRel|x64.Build.0 = MinSizeRel|x64
		{6DA08B4E-FC76-3512-A373-C93EE2226DCD}.RelWithDebInfo|x64.ActiveCfg = RelWithDebInfo|x64
		{6DA08B4E-FC76-3512-A373-C93EE2226DCD}.RelWithDebInfo|x64.Build.0 = RelWithDebInfo|x64
		{411BBB4C-7E8A-3CCD-B3E3-28EF5A102A5A}.Debug|x64.ActiveCfg = Debug|x64
		{411BBB4C-7E8A-3CCD-B3E3-28EF5A102A5A}.Debug|x64.Build.0 = Debug|x64
		{411BBB4C-7E8A-3CCD-B3E3-28EF5A102A5A}.Release|x64.ActiveCfg = Release|x64
		{411BBB4C-7E8A-3CCD-B3E3-28EF5A102A5A}.Release|x64.Build.0 = Release|x64
		{411BBB4C-7E8A-3CCD-B3E3-28EF5A102A5A}.MinSizeRel|x64.ActiveCfg = MinSizeRel|x64
		{411BBB4C-7E8A-3CCD-B3E3-28EF5A102A5A}.MinSizeRel|x64.Build.0 = MinSizeRel|x64
		{411BBB4C-7E8A-3CCD-B3E3-28EF5A102A5A}.RelWithDebInfo|x64.ActiveCfg = RelWithDebInfo|x64
		{411BBB4C-7E8A-3CCD-B3E3-28EF5A102A5A}.RelWithDebInfo|x64.Build.0 = RelWithDebInfo|x64
		{8ABD949F-8395-36C6-B0E7-EA54A990BAF0}.Debug|x64.ActiveCfg = Debug|x64
		{8ABD949F-8395-36C6-B0E7-EA54A990BAF0}.Debug|x64.Build.0 = Debug|x64
		{8ABD949F-8395-36C6-B0E7-EA54A990BAF0}.Release|x64.ActiveCfg = Release|x64
		{8ABD949F-8395-36C6-B0E7-EA54A990BAF0}.Release|x64.Build.0 = Release|x64
		{8ABD949F-8395-36C6-B0E7-EA54A990BAF0}.MinSizeRel|x64.ActiveCfg = MinSizeRel|x64
		{8ABD949F-8395-36C6-B0E7-EA54A990BAF0}.MinSizeRel|x64.Build.0 = MinSizeRel|x64
		{8ABD949F-8395-36C6-B0E7-EA54A990BAF0}.RelWithDebInfo|x64.ActiveCfg = RelWithDebInfo|x64
		{8ABD949F-8395-36C6-B0E7-EA54A990BAF0}.RelWithDebInfo|x64.Build.0 = RelWithDebInfo|x64
		{B6E87CE2-B4F9-3359-B847-4520F956D6A6}.Debug|x64.ActiveCfg = Debug|x64
		{B6E87CE2-B4F9-3359-B847-4520F956D6A6}.Debug|x64.Build.0 = Debug|x64
		{B6E87CE2-B4F9-3359-B847-4520F956D6A6}.Release|x64.ActiveCfg = Release|x64
		{B6E87CE2-B4F9-3359-B847-4520F956D6A6}.Release|x64.Build.0 = Release|x64
		{B6E87CE2-B4F9-3359-B847-4520F956D6A6}.MinSizeRel|x64.ActiveCfg = MinSizeRel|x64
		{B6E87CE2-B4F9-3359-B847-4520F956D6A6}.MinSizeRel|x64.Build.0 = MinSizeRel|x64
		{B6E87CE2-B4F9-3359-B847-4520F956D6A6}.RelWithDebInfo|x64.ActiveCfg = RelWithDebInfo|x64
		{B6E87CE2-B4F9-3359-B847-4520F956D6A6}.RelWithDebInfo|x64.Build.0 = RelWithDebInfo|x64
		{8E46B72A-C7F7-38ED-8472-FAC1A7EA8213}.Debug|x64.ActiveCfg = Debug|x64
		{8E46B72A-C7F7-38ED-8472-FAC1A7EA8213}.Debug|x64.Build.0 = Debug|x64
		{8E46B72A-C7F7-38ED-8472-FAC1A7EA8213}.Release|x64.ActiveCfg = Release|x64
		{8E46B72A-C7F7-38ED-8472-FAC1A7EA8213}.Release|x64.Build.0 = Release|x64
		{8E46B72A-C7F7-38ED-8472-FAC1A7EA8213}.MinSizeRel|x64.ActiveCfg = MinSizeRel|x64
		{8E46B72A-C7F7-38ED-8472-FAC1A7EA8213}.MinSizeRel|x64.Build.0 = MinSizeRel|x64
		{8E46B72A-C7F7-38ED-8472-FAC1A7EA8213}.RelWithDebInfo|x64.ActiveCfg = RelWithDebInfo|x64
		{8E46B72A-C7F7-38ED-8472-FAC1A7EA8213}.RelWithDebInfo|x64.Build.0 = RelWithDebInfo|x64
		{211FFE54-08E0-3A10-A5D0-BEB319291C0E}.Debug|x64.ActiveCfg = Debug|x64
		{211FFE54-08E0-3A10-A5D0-BEB319291C0E}.Debug|x64.Build.0 = Debug|x64
		{211FFE54-08E0-3A10-A5D0-BEB319291C0E}.Release|x64.ActiveCfg = Release|x64
		{211FFE54-08E0-3A10-A5D0-BEB319291C0E}.Release|x64.Build.0 = Release|x64
		{211FFE54-08E0-3A10-A5D0-BEB319291C0E}.MinSizeRel|x64.ActiveCfg = MinSizeRel|x64
		{211FFE54-08E0-3A10-A5D0-BEB319291C0E}.MinSizeRel|x64.Build.0 = MinSizeRel|x64
		{211FFE54-08E0-3A10-A5D0-BEB319291C0E}.RelWithDebInfo|x64.ActiveCfg = RelWithDebInfo|x64
		{211FFE54-08E0-3A10-A5D0-BEB319291C0E}.RelWithDebInfo|x64.Build.0 = RelWithDebInfo|x64
		{780F930C-40AB-3064-9AC1-7883541381B1}.Debug|x64.ActiveCfg = Debug|x64
		{780F930C-40AB-3064-9AC1-7883541381B1}.Debug|x64.Build.0 = Debug|x64
		{780F930C-40AB-3064-9AC1-7883541381B1}.Release|x64.ActiveCfg = Release|x64
		{780F930C-40AB-3064-9AC1-7883541381B1}.Release|x64.Build.0 = Release|x64
		{780F930C-40AB-3064-9AC1-7883541381B1}.MinSizeRel|x64.ActiveCfg = MinSizeRel|x64
		{780F930C-40AB-3064-9AC1-7883541381B1}.MinSizeRel|x64.Build.0 = MinSizeRel|x64
		{780F930C-40AB-3064-9AC1-7883541381B1}.RelWithDebInfo|x64.ActiveCfg = RelWithDebInfo|x64
		{780F930C-40AB-3064-9AC1-7883541381B1}.RelWithDebInfo|x64.Build.0 = RelWithDebInfo|x64
		{7496336D-A486-32A5-8CD3-12930B2D1091}.Debug|x64.ActiveCfg = Debug|x64
		{7496336D-A486-32A5-8CD3-12930B2D1091}.Debug|x64.Build.0 = Debug|x64
		{7496336D-A486-32A5-8CD3-12930B2D1091}.Release|x64.ActiveCfg = Release|x64
		{7496336D-A486-32A5-8CD3-12930B2D1091}.Release|x64.Build.0 = Release|x64
		{7496336D-A486-32A5-8CD3-12930B2D1091}.MinSizeRel|x64.ActiveCfg = MinSizeRel|x64
		{7496336D-A486-32A5-8CD3-12930B2D1091}.MinSizeRel|x64.Build.0 = MinSizeRel|x64
		{7496336D-A486-32A5-8CD3-12930B2D1091}.RelWithDebInfo|x64.ActiveCfg = RelWithDebInfo|x64
		{7496336D-A486-32A5-8CD3-12930B2D1091}.RelWithDebInfo|x64.Build.0 = RelWithDebInfo|x64
		{8FC0AB9E-8868-3368-876F-71E51D17AFED}.Debug|x64.ActiveCfg = Debug|x64
		{8FC0AB9E-8868-3368-876F-71E51D17AFED}.Debug|x64.Build.0 = Debug|x64
		{8FC0AB9E-8868-3368-876F-71E51D17AFED}.Release|x64.ActiveCfg = Release|x64
		{8FC0AB9E-8868-3368-876F-71E51D17AFED}.Release|x64.Build.0 = Release|x64
		{8FC0AB9E-8868-3368-876F-71E51D17AFED}.MinSizeRel|x64.ActiveCfg = MinSizeRel|x64
		{8FC0AB9E-8868-3368-876F-71E51D17AFED}.MinSizeRel|x64.Build.0 = MinSizeRel|x64
		{8FC0AB9E-8868-3368-876F-71E51D17AFED}.RelWithDebInfo|x64.ActiveCfg = RelWithDebInfo|x64
		{8FC0AB9E-8868-3368-876F-71E51D17AFED}.RelWithDebInfo|x64.Build.0 = RelWithDebInfo|x64
		{9EACC7E3-B9BC-3496-AF70-42F20E1EFBD1}.Debug|x64.ActiveCfg = Debug|x64
		{9EACC7E3-B9BC-3496-AF70-42F20E1EFBD1}.Debug|x64.Build.0 = Debug|x64
		{9EACC7E3-B9BC-3496-AF70-42F20E1EFBD1}.Release|x64.ActiveCfg = Release|x64
		{9EACC7E3-B9BC-3496-AF70-42F20E1EFBD1}.Release|x64.Build.0 = Release|x64
		{9EACC7E3-B9BC-3496-AF70-42F20E1EFBD1}.MinSizeRel|x64.ActiveCfg = MinSizeRel|x64
		{9EACC7E3-B9BC-3496-AF70-42F20E1EFBD1}.MinSizeRel|x64.Build.0 = MinSizeRel|x64
		{9EACC7E3-B9BC-3496-AF70-42F20E1EFBD1}.RelWithDebInfo|x64.ActiveCfg = RelWithDebInfo|x64
		{9EACC7E3-B9BC-3496-AF70-42F20E1EFBD1}.RelWithDebInfo|x64.Build.0 = RelWithDebInfo|x64
		{91103571-7450-31A9-A04C-F019829B8473}.Debug|x64.ActiveCfg = Debug|x64
		{91103571-7450-31A9-A04C-F019829B8473}.Debug|x64.Build.0 = Debug|x64
		{91103571-7450-31A9-A04C-F019829B8473}.Release|x64.ActiveCfg = Release|x64
		{91103571-7450-31A9-A04C-F019829B8473}.Release|x64.Build.0 = Release|x64
		{91103571-7450-31A9-A04C-F019829B8473}.MinSizeRel|x64.ActiveCfg = MinSizeRel|x64
		{91103571-7450-31A9-A04C-F019829B8473}.MinSizeRel|x64.Build.0 = MinSizeRel|x64
		{91103571-7450-31A9-A04C-F019829B8473}.RelWithDebInfo|x64.ActiveCfg = RelWithDebInfo|x64
		{91103571-7450-31A9-A04C-F019829B8473}.RelWithDebInfo|x64.Build.0 = RelWithDebInfo|x64
		{86EBF8BB-450B-3C96-A60E-9FE52AD60B09}.Debug|x64.ActiveCfg = Debug|x64
		{86EBF8BB-450B-3C96-A60E-9FE52AD60B09}.Debug|x64.Build.0 = Debug|x64
		{86EBF8BB-450B-3C96-A60E-9FE52AD60B09}.Release|x64.ActiveCfg = Release|x64
		{86EBF8BB-450B-3C96-A60E-9FE52AD60B09}.Release|x64.Build.0 = Release|x64
		{86EBF8BB-450B-3C96-A60E-9FE52AD60B09}.MinSizeRel|x64.ActiveCfg = MinSizeRel|x64
		{86EBF8BB-450B-3C96-A60E-9FE52AD60B09}.MinSizeRel|x64.Build.0 = MinSizeRel|x64
		{86EBF8BB-450B-3C96-A60E-9FE52AD60B09}.RelWithDebInfo|x64.ActiveCfg = RelWithDebInfo|x64
		{86EBF8BB-450B-3C96-A60E-9FE52AD60B09}.RelWithDebInfo|x64.Build.0 = RelWithDebInfo|x64
	EndGlobalSection
	GlobalSection(ExtensibilityGlobals) = postSolution
		SolutionGuid = {6E1A21B6-AE77-31BF-9BF4-214823BA51E9}
	EndGlobalSection
	GlobalSection(ExtensibilityAddIns) = postSolution
	EndGlobalSection
EndGlobal
